
Microsoft Visual Studio Solution File, Format Version 12.00
# Visual Studio 15
VisualStudioVersion = 15.0.28307.489
MinimumVisualStudioVersion = 10.0.40219.1
Project("{9A19103F-16F7-4668-BE54-9A1E7A4F7556}") = "VirtoCommerce.ContentModule.Azure", "VirtoCommerce.ContentModule.Azure\VirtoCommerce.ContentModule.Azure.csproj", "{6DF51BA7-94A9-4E85-9DC5-5633160E387F}"
EndProject
Project("{9A19103F-16F7-4668-BE54-9A1E7A4F7556}") = "VirtoCommerce.ContentModule.Core", "VirtoCommerce.ContentModule.Core\VirtoCommerce.ContentModule.Core.csproj", "{F46A06CC-CA1A-4354-9181-EF59BE5ECE3C}"
EndProject
Project("{9A19103F-16F7-4668-BE54-9A1E7A4F7556}") = "VirtoCommerce.ContentModule.Data", "VirtoCommerce.ContentModule.Data\VirtoCommerce.ContentModule.Data.csproj", "{9B769B1A-11BF-40E0-84CA-91D3A5AC3D60}"
EndProject
Project("{9A19103F-16F7-4668-BE54-9A1E7A4F7556}") = "VirtoCommerce.ContentModule.FileSystem", "VirtoCommerce.ContentModule.FileSystem\VirtoCommerce.ContentModule.FileSystem.csproj", "{22EAE108-07AB-4B85-827F-A48E00FC9A66}"
EndProject
Project("{9A19103F-16F7-4668-BE54-9A1E7A4F7556}") = "VirtoCommerce.ContentModule.Web", "VirtoCommerce.ContentModule.Web\VirtoCommerce.ContentModule.Web.csproj", "{787081AB-86B8-4C37-A848-5FB03B459366}"
EndProject
Project("{9A19103F-16F7-4668-BE54-9A1E7A4F7556}") = "VirtoCommerce.Platform.Core", "..\..\VirtoCommerce.Platform.Core\VirtoCommerce.Platform.Core.csproj", "{1459C399-38EE-41F3-9E00-FDDF2D569B71}"
EndProject
Project("{9A19103F-16F7-4668-BE54-9A1E7A4F7556}") = "VirtoCommerce.Platform.Data", "..\..\VirtoCommerce.Platform.Data\VirtoCommerce.Platform.Data.csproj", "{12A2892A-94AB-4A37-8BE6-35A5A98FC451}"
EndProject
Project("{9A19103F-16F7-4668-BE54-9A1E7A4F7556}") = "VirtoCommerce.Platform.Assets.FileSystem", "..\..\VirtoCommerce.Platform.Assets.FileSystem\VirtoCommerce.Platform.Assets.FileSystem.csproj", "{0222CFC1-8B81-4112-87AB-5B55FF6A95A6}"
EndProject
Project("{9A19103F-16F7-4668-BE54-9A1E7A4F7556}") = "VirtoCommerce.Platform.Assets.AzureBlobStorage", "..\..\VirtoCommerce.Platform.Assets.AzureBlobStorage\VirtoCommerce.Platform.Assets.AzureBlobStorage.csproj", "{6CA5B601-E4A4-4F8B-AA1F-D79A248D4841}"
EndProject
Project("{9A19103F-16F7-4668-BE54-9A1E7A4F7556}") = "VirtoCommerce.Platform.Security", "..\..\VirtoCommerce.Platform.Security\VirtoCommerce.Platform.Security.csproj", "{43B2E830-4B8D-4E64-A9F9-E66E2116674B}"
EndProject
Global
	GlobalSection(SolutionConfigurationPlatforms) = preSolution
		Debug|Any CPU = Debug|Any CPU
		Release|Any CPU = Release|Any CPU
	EndGlobalSection
	GlobalSection(ProjectConfigurationPlatforms) = postSolution
		{6DF51BA7-94A9-4E85-9DC5-5633160E387F}.Debug|Any CPU.ActiveCfg = Debug|Any CPU
		{6DF51BA7-94A9-4E85-9DC5-5633160E387F}.Debug|Any CPU.Build.0 = Debug|Any CPU
		{6DF51BA7-94A9-4E85-9DC5-5633160E387F}.Release|Any CPU.ActiveCfg = Release|Any CPU
		{6DF51BA7-94A9-4E85-9DC5-5633160E387F}.Release|Any CPU.Build.0 = Release|Any CPU
		{F46A06CC-CA1A-4354-9181-EF59BE5ECE3C}.Debug|Any CPU.ActiveCfg = Debug|Any CPU
		{F46A06CC-CA1A-4354-9181-EF59BE5ECE3C}.Debug|Any CPU.Build.0 = Debug|Any CPU
		{F46A06CC-CA1A-4354-9181-EF59BE5ECE3C}.Release|Any CPU.ActiveCfg = Release|Any CPU
		{F46A06CC-CA1A-4354-9181-EF59BE5ECE3C}.Release|Any CPU.Build.0 = Release|Any CPU
		{9B769B1A-11BF-40E0-84CA-91D3A5AC3D60}.Debug|Any CPU.ActiveCfg = Debug|Any CPU
		{9B769B1A-11BF-40E0-84CA-91D3A5AC3D60}.Debug|Any CPU.Build.0 = Debug|Any CPU
		{9B769B1A-11BF-40E0-84CA-91D3A5AC3D60}.Release|Any CPU.ActiveCfg = Release|Any CPU
		{9B769B1A-11BF-40E0-84CA-91D3A5AC3D60}.Release|Any CPU.Build.0 = Release|Any CPU
		{22EAE108-07AB-4B85-827F-A48E00FC9A66}.Debug|Any CPU.ActiveCfg = Debug|Any CPU
		{22EAE108-07AB-4B85-827F-A48E00FC9A66}.Debug|Any CPU.Build.0 = Debug|Any CPU
		{22EAE108-07AB-4B85-827F-A48E00FC9A66}.Release|Any CPU.ActiveCfg = Release|Any CPU
		{22EAE108-07AB-4B85-827F-A48E00FC9A66}.Release|Any CPU.Build.0 = Release|Any CPU
		{787081AB-86B8-4C37-A848-5FB03B459366}.Debug|Any CPU.ActiveCfg = Debug|Any CPU
		{787081AB-86B8-4C37-A848-5FB03B459366}.Debug|Any CPU.Build.0 = Debug|Any CPU
		{787081AB-86B8-4C37-A848-5FB03B459366}.Release|Any CPU.ActiveCfg = Release|Any CPU
		{787081AB-86B8-4C37-A848-5FB03B459366}.Release|Any CPU.Build.0 = Release|Any CPU
		{1459C399-38EE-41F3-9E00-FDDF2D569B71}.Debug|Any CPU.ActiveCfg = Debug|Any CPU
		{1459C399-38EE-41F3-9E00-FDDF2D569B71}.Debug|Any CPU.Build.0 = Debug|Any CPU
		{1459C399-38EE-41F3-9E00-FDDF2D569B71}.Release|Any CPU.ActiveCfg = Release|Any CPU
		{1459C399-38EE-41F3-9E00-FDDF2D569B71}.Release|Any CPU.Build.0 = Release|Any CPU
		{12A2892A-94AB-4A37-8BE6-35A5A98FC451}.Debug|Any CPU.ActiveCfg = Debug|Any CPU
		{12A2892A-94AB-4A37-8BE6-35A5A98FC451}.Debug|Any CPU.Build.0 = Debug|Any CPU
		{12A2892A-94AB-4A37-8BE6-35A5A98FC451}.Release|Any CPU.ActiveCfg = Release|Any CPU
		{12A2892A-94AB-4A37-8BE6-35A5A98FC451}.Release|Any CPU.Build.0 = Release|Any CPU
		{0222CFC1-8B81-4112-87AB-5B55FF6A95A6}.Debug|Any CPU.ActiveCfg = Debug|Any CPU
		{0222CFC1-8B81-4112-87AB-5B55FF6A95A6}.Debug|Any CPU.Build.0 = Debug|Any CPU
		{0222CFC1-8B81-4112-87AB-5B55FF6A95A6}.Release|Any CPU.ActiveCfg = Release|Any CPU
		{0222CFC1-8B81-4112-87AB-5B55FF6A95A6}.Release|Any CPU.Build.0 = Release|Any CPU
		{6CA5B601-E4A4-4F8B-AA1F-D79A248D4841}.Debug|Any CPU.ActiveCfg = Debug|Any CPU
		{6CA5B601-E4A4-4F8B-AA1F-D79A248D4841}.Debug|Any CPU.Build.0 = Debug|Any CPU
		{6CA5B601-E4A4-4F8B-AA1F-D79A248D4841}.Release|Any CPU.ActiveCfg = Release|Any CPU
		{6CA5B601-E4A4-4F8B-AA1F-D79A248D4841}.Release|Any CPU.Build.0 = Release|Any CPU
		{43B2E830-4B8D-4E64-A9F9-E66E2116674B}.Debug|Any CPU.ActiveCfg = Debug|Any CPU
		{43B2E830-4B8D-4E64-A9F9-E66E2116674B}.Debug|Any CPU.Build.0 = Debug|Any CPU
		{43B2E830-4B8D-4E64-A9F9-E66E2116674B}.Release|Any CPU.ActiveCfg = Release|Any CPU
		{43B2E830-4B8D-4E64-A9F9-E66E2116674B}.Release|Any CPU.Build.0 = Release|Any CPU
	EndGlobalSection
	GlobalSection(SolutionProperties) = preSolution
		HideSolutionNode = FALSE
	EndGlobalSection
	GlobalSection(ExtensibilityGlobals) = postSolution
		SolutionGuid = {9021D896-FF8E-4501-88EE-A575B5A0A4B6}
	EndGlobalSection
EndGlobal
