Microsoft Visual Studio Solution File, Format Version 12.00
# Visual Studio 15
VisualStudioVersion = 15.0.28307.489
MinimumVisualStudioVersion = 10.0.40219.1
Project("{9A19103F-16F7-4668-BE54-9A1E7A4F7556}") = "VirtoCommerce.TaxModule.Core", "VirtoCommerce.TaxModule.Core\VirtoCommerce.TaxModule.Core.csproj", "{02C45217-4B47-41DB-9CC0-FF17D1891565}"
EndProject
Project("{9A19103F-16F7-4668-BE54-9A1E7A4F7556}") = "VirtoCommerce.TaxModule.Data", "VirtoCommerce.TaxModule.Data\VirtoCommerce.TaxModule.Data.csproj", "{4D0B6CAF-7C60-414A-BA39-E37A5780BD15}"
EndProject
Project("{9A19103F-16F7-4668-BE54-9A1E7A4F7556}") = "VirtoCommerce.TaxModule.Web", "VirtoCommerce.TaxModule.Web\VirtoCommerce.TaxModule.Web.csproj", "{8BBEAD34-FA4B-4BB2-B75F-A0D3AFDF08B6}"
EndProject
Project("{9A19103F-16F7-4668-BE54-9A1E7A4F7556}") = "VirtoCommerce.CoreModule.Core", "..\vc-module-core\VirtoCommerce.CoreModule.Core\VirtoCommerce.CoreModule.Core.csproj", "{43B54DFE-CB7D-48FE-BBD3-2D4B8BFCB3F5}"
EndProject
Project("{9A19103F-16F7-4668-BE54-9A1E7A4F7556}") = "VirtoCommerce.Platform.Core", "..\..\VirtoCommerce.Platform.Core\VirtoCommerce.Platform.Core.csproj", "{2A9939D5-275B-4CE7-9B16-75BB8F68F521}"
EndProject
Project("{9A19103F-16F7-4668-BE54-9A1E7A4F7556}") = "VirtoCommerce.Platform.Data", "..\..\VirtoCommerce.Platform.Data\VirtoCommerce.Platform.Data.csproj", "{5DEEFD84-03C4-414B-ABF9-92877A725757}"
EndProject
Project("{9A19103F-16F7-4668-BE54-9A1E7A4F7556}") = "VirtoCommerce.StoreModule.Core", "..\vc-module-store\VirtoCommerce.StoreModule.Core\VirtoCommerce.StoreModule.Core.csproj", "{AEB765B8-4DFA-4331-9125-96DE7162DBEE}"
EndProject
Project("{9A19103F-16F7-4668-BE54-9A1E7A4F7556}") = "VirtoCommerce.NotificationsModule.Core", "..\vc-module-notifications\VirtoCommerce.NotificationsModule.Core\VirtoCommerce.NotificationsModule.Core.csproj", "{4622BBF2-6952-4A82-B885-F38A411D2E05}"
EndProject
Project("{9A19103F-16F7-4668-BE54-9A1E7A4F7556}") = "VirtoCommerce.CoreModule.Data", "..\vc-module-core\VirtoCommerce.CoreModule.Data\VirtoCommerce.CoreModule.Data.csproj", "{9D650CA1-CA02-4CA2-94B1-6D055C8BB01D}"
EndProject
Global
	GlobalSection(SolutionConfigurationPlatforms) = preSolution
		Debug|Any CPU = Debug|Any CPU
		Release|Any CPU = Release|Any CPU
	EndGlobalSection
	GlobalSection(ProjectConfigurationPlatforms) = postSolution
		{02C45217-4B47-41DB-9CC0-FF17D1891565}.Debug|Any CPU.ActiveCfg = Debug|Any CPU
		{02C45217-4B47-41DB-9CC0-FF17D1891565}.Debug|Any CPU.Build.0 = Debug|Any CPU
		{02C45217-4B47-41DB-9CC0-FF17D1891565}.Release|Any CPU.ActiveCfg = Release|Any CPU
		{02C45217-4B47-41DB-9CC0-FF17D1891565}.Release|Any CPU.Build.0 = Release|Any CPU
		{4D0B6CAF-7C60-414A-BA39-E37A5780BD15}.Debug|Any CPU.ActiveCfg = Debug|Any CPU
		{4D0B6CAF-7C60-414A-BA39-E37A5780BD15}.Debug|Any CPU.Build.0 = Debug|Any CPU
		{4D0B6CAF-7C60-414A-BA39-E37A5780BD15}.Release|Any CPU.ActiveCfg = Release|Any CPU
		{4D0B6CAF-7C60-414A-BA39-E37A5780BD15}.Release|Any CPU.Build.0 = Release|Any CPU
		{8BBEAD34-FA4B-4BB2-B75F-A0D3AFDF08B6}.Debug|Any CPU.ActiveCfg = Debug|Any CPU
		{8BBEAD34-FA4B-4BB2-B75F-A0D3AFDF08B6}.Debug|Any CPU.Build.0 = Debug|Any CPU
		{8BBEAD34-FA4B-4BB2-B75F-A0D3AFDF08B6}.Release|Any CPU.ActiveCfg = Release|Any CPU
		{8BBEAD34-FA4B-4BB2-B75F-A0D3AFDF08B6}.Release|Any CPU.Build.0 = Release|Any CPU
		{43B54DFE-CB7D-48FE-BBD3-2D4B8BFCB3F5}.Debug|Any CPU.ActiveCfg = Debug|Any CPU
		{43B54DFE-CB7D-48FE-BBD3-2D4B8BFCB3F5}.Debug|Any CPU.Build.0 = Debug|Any CPU
		{43B54DFE-CB7D-48FE-BBD3-2D4B8BFCB3F5}.Release|Any CPU.ActiveCfg = Release|Any CPU
		{43B54DFE-CB7D-48FE-BBD3-2D4B8BFCB3F5}.Release|Any CPU.Build.0 = Release|Any CPU
		{2A9939D5-275B-4CE7-9B16-75BB8F68F521}.Debug|Any CPU.ActiveCfg = Debug|Any CPU
		{2A9939D5-275B-4CE7-9B16-75BB8F68F521}.Debug|Any CPU.Build.0 = Debug|Any CPU
		{2A9939D5-275B-4CE7-9B16-75BB8F68F521}.Release|Any CPU.ActiveCfg = Release|Any CPU
		{2A9939D5-275B-4CE7-9B16-75BB8F68F521}.Release|Any CPU.Build.0 = Release|Any CPU
		{5DEEFD84-03C4-414B-ABF9-92877A725757}.Debug|Any CPU.ActiveCfg = Debug|Any CPU
		{5DEEFD84-03C4-414B-ABF9-92877A725757}.Debug|Any CPU.Build.0 = Debug|Any CPU
		{5DEEFD84-03C4-414B-ABF9-92877A725757}.Release|Any CPU.ActiveCfg = Release|Any CPU
		{5DEEFD84-03C4-414B-ABF9-92877A725757}.Release|Any CPU.Build.0 = Release|Any CPU
		{AEB765B8-4DFA-4331-9125-96DE7162DBEE}.Debug|Any CPU.ActiveCfg = Debug|Any CPU
		{AEB765B8-4DFA-4331-9125-96DE7162DBEE}.Debug|Any CPU.Build.0 = Debug|Any CPU
		{AEB765B8-4DFA-4331-9125-96DE7162DBEE}.Release|Any CPU.ActiveCfg = Release|Any CPU
		{AEB765B8-4DFA-4331-9125-96DE7162DBEE}.Release|Any CPU.Build.0 = Release|Any CPU
		{4622BBF2-6952-4A82-B885-F38A411D2E05}.Debug|Any CPU.ActiveCfg = Debug|Any CPU
		{4622BBF2-6952-4A82-B885-F38A411D2E05}.Debug|Any CPU.Build.0 = Debug|Any CPU
		{4622BBF2-6952-4A82-B885-F38A411D2E05}.Release|Any CPU.ActiveCfg = Release|Any CPU
		{4622BBF2-6952-4A82-B885-F38A411D2E05}.Release|Any CPU.Build.0 = Release|Any CPU
		{9D650CA1-CA02-4CA2-94B1-6D055C8BB01D}.Debug|Any CPU.ActiveCfg = Debug|Any CPU
		{9D650CA1-CA02-4CA2-94B1-6D055C8BB01D}.Debug|Any CPU.Build.0 = Debug|Any CPU
		{9D650CA1-CA02-4CA2-94B1-6D055C8BB01D}.Release|Any CPU.ActiveCfg = Release|Any CPU
		{9D650CA1-CA02-4CA2-94B1-6D055C8BB01D}.Release|Any CPU.Build.0 = Release|Any CPU
	EndGlobalSection
	GlobalSection(SolutionProperties) = preSolution
		HideSolutionNode = FALSE
	EndGlobalSection
	GlobalSection(ExtensibilityGlobals) = postSolution
		SolutionGuid = {539C1A59-88A4-4DF7-BA87-1DDB11CE8246}
	EndGlobalSection
EndGlobal
