Microsoft Visual Studio Solution File, Format Version 12.00
# Visual Studio 15
VisualStudioVersion = 15.0.28307.489
MinimumVisualStudioVersion = 10.0.40219.1
Project("{9A19103F-16F7-4668-BE54-9A1E7A4F7556}") = "VirtoCommerce.OrdersModule.Core", "VirtoCommerce.OrdersModule.Core\VirtoCommerce.OrdersModule.Core.csproj", "{4CD63305-A0A3-4687-888F-AF98CECD977D}"
EndProject
Project("{9A19103F-16F7-4668-BE54-9A1E7A4F7556}") = "VirtoCommerce.OrdersModule.Data", "VirtoCommerce.OrdersModule.Data\VirtoCommerce.OrdersModule.Data.csproj", "{1ED80257-5850-495A-AD2D-B6563EA48D6B}"
EndProject
Project("{9A19103F-16F7-4668-BE54-9A1E7A4F7556}") = "VirtoCommerce.OrdersModule.Tests", "VirtoCommerce.OrdersModule.Tests\VirtoCommerce.OrdersModule.Tests.csproj", "{157CEAFE-9349-4E3A-9B65-DD3FA583DBBA}"
EndProject
Project("{9A19103F-16F7-4668-BE54-9A1E7A4F7556}") = "VirtoCommerce.OrdersModule.Web", "VirtoCommerce.OrdersModule.Web\VirtoCommerce.OrdersModule.Web.csproj", "{00EC072F-A656-441C-9CC2-4BA9490C8809}"
EndProject
Project("{2150E333-8FDC-42A3-9474-1A3956D46DE8}") = "samples", "samples", "{76C0DA64-E7D4-46B2-A611-2986E33BF167}"
EndProject
Project("{9A19103F-16F7-4668-BE54-9A1E7A4F7556}") = "VirtoCommerce.OrdersModule2.Web", "samples\VirtoCommerce.OrdersModule2.Web\VirtoCommerce.OrdersModule2.Web.csproj", "{1A2186CC-F93D-4269-87C1-371560D4BE62}"
EndProject
Project("{9A19103F-16F7-4668-BE54-9A1E7A4F7556}") = "VirtoCommerce.CoreModule.Core", "..\vc-module-core\VirtoCommerce.CoreModule.Core\VirtoCommerce.CoreModule.Core.csproj", "{12E8E0C0-5B10-4EFD-97F0-057DCF299981}"
EndProject
Project("{9A19103F-16F7-4668-BE54-9A1E7A4F7556}") = "VirtoCommerce.NotificationsModule.Core", "..\vc-module-notifications\VirtoCommerce.NotificationsModule.Core\VirtoCommerce.NotificationsModule.Core.csproj", "{80EB786F-B520-417D-97CD-C3DBAE00C80C}"
EndProject
Project("{9A19103F-16F7-4668-BE54-9A1E7A4F7556}") = "VirtoCommerce.CustomerModule.Core", "..\vc-module-customer\VirtoCommerce.CustomerModule.Core\VirtoCommerce.CustomerModule.Core.csproj", "{BFB21B1C-74EE-4B3F-9F0D-0428664E78AE}"
EndProject
Project("{9A19103F-16F7-4668-BE54-9A1E7A4F7556}") = "VirtoCommerce.InventoryModule.Core", "..\vc-module-inventory\VirtoCommerce.InventoryModule.Core\VirtoCommerce.InventoryModule.Core.csproj", "{A4FBC69B-956D-4647-99F6-DD4A2DF62F7E}"
EndProject
Project("{9A19103F-16F7-4668-BE54-9A1E7A4F7556}") = "VirtoCommerce.CartModule.Core", "..\vc-module-cart\VirtoCommerce.CartModule.Core\VirtoCommerce.CartModule.Core.csproj", "{2E0CEC37-D826-4331-A979-3C4BFF1DA366}"
EndProject
Project("{9A19103F-16F7-4668-BE54-9A1E7A4F7556}") = "VirtoCommerce.StoreModule.Core", "..\vc-module-store\VirtoCommerce.StoreModule.Core\VirtoCommerce.StoreModule.Core.csproj", "{FBD7DE52-6A2E-41DD-A66F-F78FDE78D0B1}"
EndProject
Project("{9A19103F-16F7-4668-BE54-9A1E7A4F7556}") = "VirtoCommerce.Platform.Core", "..\..\VirtoCommerce.Platform.Core\VirtoCommerce.Platform.Core.csproj", "{E1BF6FAB-A7C2-4EDD-9255-F7B3FF82D31B}"
EndProject
Project("{9A19103F-16F7-4668-BE54-9A1E7A4F7556}") = "VirtoCommerce.Platform.Data", "..\..\VirtoCommerce.Platform.Data\VirtoCommerce.Platform.Data.csproj", "{D5BBEC4F-AEDC-4239-BA6E-73888629F629}"
EndProject
Project("{9A19103F-16F7-4668-BE54-9A1E7A4F7556}") = "VirtoCommerce.CatalogModule.Core", "..\vc-module-catalog\VirtoCommerce.CatalogModule.Core\VirtoCommerce.CatalogModule.Core.csproj", "{71B5EE3C-7A24-43EA-95A7-18BE9E68A003}"
EndProject
Project("{9A19103F-16F7-4668-BE54-9A1E7A4F7556}") = "VirtoCommerce.SearchModule.Core", "..\vc-module-search\VirtoCommerce.SearchModule.Core\VirtoCommerce.SearchModule.Core.csproj", "{E4A6E04A-93C0-4D6A-814E-C969B59AA889}"
EndProject
Project("{9A19103F-16F7-4668-BE54-9A1E7A4F7556}") = "VirtoCommerce.PaymentModule.Core", "..\vc-module-payment\VirtoCommerce.Payment.Core\VirtoCommerce.PaymentModule.Core.csproj", "{5C5D9E84-82BC-46A1-8E52-2A49C3A67E40}"
EndProject
Project("{9A19103F-16F7-4668-BE54-9A1E7A4F7556}") = "VirtoCommerce.ShippingModule.Core", "..\vc-module-shipping\VirtoCommerce.ShippingModule.Core\VirtoCommerce.ShippingModule.Core.csproj", "{9EAA25FB-69E5-49FB-A007-1D622D6E88B3}"
EndProject
Global
	GlobalSection(SolutionConfigurationPlatforms) = preSolution
		Debug|Any CPU = Debug|Any CPU
		Release|Any CPU = Release|Any CPU
	EndGlobalSection
	GlobalSection(ProjectConfigurationPlatforms) = postSolution
		{4CD63305-A0A3-4687-888F-AF98CECD977D}.Debug|Any CPU.ActiveCfg = Debug|Any CPU
		{4CD63305-A0A3-4687-888F-AF98CECD977D}.Debug|Any CPU.Build.0 = Debug|Any CPU
		{4CD63305-A0A3-4687-888F-AF98CECD977D}.Release|Any CPU.ActiveCfg = Release|Any CPU
		{4CD63305-A0A3-4687-888F-AF98CECD977D}.Release|Any CPU.Build.0 = Release|Any CPU
		{1ED80257-5850-495A-AD2D-B6563EA48D6B}.Debug|Any CPU.ActiveCfg = Debug|Any CPU
		{1ED80257-5850-495A-AD2D-B6563EA48D6B}.Debug|Any CPU.Build.0 = Debug|Any CPU
		{1ED80257-5850-495A-AD2D-B6563EA48D6B}.Release|Any CPU.ActiveCfg = Release|Any CPU
		{1ED80257-5850-495A-AD2D-B6563EA48D6B}.Release|Any CPU.Build.0 = Release|Any CPU
		{157CEAFE-9349-4E3A-9B65-DD3FA583DBBA}.Debug|Any CPU.ActiveCfg = Debug|Any CPU
		{157CEAFE-9349-4E3A-9B65-DD3FA583DBBA}.Debug|Any CPU.Build.0 = Debug|Any CPU
		{157CEAFE-9349-4E3A-9B65-DD3FA583DBBA}.Release|Any CPU.ActiveCfg = Release|Any CPU
		{157CEAFE-9349-4E3A-9B65-DD3FA583DBBA}.Release|Any CPU.Build.0 = Release|Any CPU
		{00EC072F-A656-441C-9CC2-4BA9490C8809}.Debug|Any CPU.ActiveCfg = Debug|Any CPU
		{00EC072F-A656-441C-9CC2-4BA9490C8809}.Debug|Any CPU.Build.0 = Debug|Any CPU
		{00EC072F-A656-441C-9CC2-4BA9490C8809}.Release|Any CPU.ActiveCfg = Release|Any CPU
		{00EC072F-A656-441C-9CC2-4BA9490C8809}.Release|Any CPU.Build.0 = Release|Any CPU
		{1A2186CC-F93D-4269-87C1-371560D4BE62}.Debug|Any CPU.ActiveCfg = Debug|Any CPU
		{1A2186CC-F93D-4269-87C1-371560D4BE62}.Debug|Any CPU.Build.0 = Debug|Any CPU
		{1A2186CC-F93D-4269-87C1-371560D4BE62}.Release|Any CPU.ActiveCfg = Release|Any CPU
		{1A2186CC-F93D-4269-87C1-371560D4BE62}.Release|Any CPU.Build.0 = Release|Any CPU
		{12E8E0C0-5B10-4EFD-97F0-057DCF299981}.Debug|Any CPU.ActiveCfg = Debug|Any CPU
		{12E8E0C0-5B10-4EFD-97F0-057DCF299981}.Debug|Any CPU.Build.0 = Debug|Any CPU
		{12E8E0C0-5B10-4EFD-97F0-057DCF299981}.Release|Any CPU.ActiveCfg = Release|Any CPU
		{12E8E0C0-5B10-4EFD-97F0-057DCF299981}.Release|Any CPU.Build.0 = Release|Any CPU
		{80EB786F-B520-417D-97CD-C3DBAE00C80C}.Debug|Any CPU.ActiveCfg = Debug|Any CPU
		{80EB786F-B520-417D-97CD-C3DBAE00C80C}.Debug|Any CPU.Build.0 = Debug|Any CPU
		{80EB786F-B520-417D-97CD-C3DBAE00C80C}.Release|Any CPU.ActiveCfg = Release|Any CPU
		{80EB786F-B520-417D-97CD-C3DBAE00C80C}.Release|Any CPU.Build.0 = Release|Any CPU
		{BFB21B1C-74EE-4B3F-9F0D-0428664E78AE}.Debug|Any CPU.ActiveCfg = Debug|Any CPU
		{BFB21B1C-74EE-4B3F-9F0D-0428664E78AE}.Debug|Any CPU.Build.0 = Debug|Any CPU
		{BFB21B1C-74EE-4B3F-9F0D-0428664E78AE}.Release|Any CPU.ActiveCfg = Release|Any CPU
		{BFB21B1C-74EE-4B3F-9F0D-0428664E78AE}.Release|Any CPU.Build.0 = Release|Any CPU
		{A4FBC69B-956D-4647-99F6-DD4A2DF62F7E}.Debug|Any CPU.ActiveCfg = Debug|Any CPU
		{A4FBC69B-956D-4647-99F6-DD4A2DF62F7E}.Debug|Any CPU.Build.0 = Debug|Any CPU
		{A4FBC69B-956D-4647-99F6-DD4A2DF62F7E}.Release|Any CPU.ActiveCfg = Release|Any CPU
		{A4FBC69B-956D-4647-99F6-DD4A2DF62F7E}.Release|Any CPU.Build.0 = Release|Any CPU
		{2E0CEC37-D826-4331-A979-3C4BFF1DA366}.Debug|Any CPU.ActiveCfg = Debug|Any CPU
		{2E0CEC37-D826-4331-A979-3C4BFF1DA366}.Debug|Any CPU.Build.0 = Debug|Any CPU
		{2E0CEC37-D826-4331-A979-3C4BFF1DA366}.Release|Any CPU.ActiveCfg = Release|Any CPU
		{2E0CEC37-D826-4331-A979-3C4BFF1DA366}.Release|Any CPU.Build.0 = Release|Any CPU
		{FBD7DE52-6A2E-41DD-A66F-F78FDE78D0B1}.Debug|Any CPU.ActiveCfg = Debug|Any CPU
		{FBD7DE52-6A2E-41DD-A66F-F78FDE78D0B1}.Debug|Any CPU.Build.0 = Debug|Any CPU
		{FBD7DE52-6A2E-41DD-A66F-F78FDE78D0B1}.Release|Any CPU.ActiveCfg = Release|Any CPU
		{FBD7DE52-6A2E-41DD-A66F-F78FDE78D0B1}.Release|Any CPU.Build.0 = Release|Any CPU
		{E1BF6FAB-A7C2-4EDD-9255-F7B3FF82D31B}.Debug|Any CPU.ActiveCfg = Debug|Any CPU
		{E1BF6FAB-A7C2-4EDD-9255-F7B3FF82D31B}.Debug|Any CPU.Build.0 = Debug|Any CPU
		{E1BF6FAB-A7C2-4EDD-9255-F7B3FF82D31B}.Release|Any CPU.ActiveCfg = Release|Any CPU
		{E1BF6FAB-A7C2-4EDD-9255-F7B3FF82D31B}.Release|Any CPU.Build.0 = Release|Any CPU
		{D5BBEC4F-AEDC-4239-BA6E-73888629F629}.Debug|Any CPU.ActiveCfg = Debug|Any CPU
		{D5BBEC4F-AEDC-4239-BA6E-73888629F629}.Debug|Any CPU.Build.0 = Debug|Any CPU
		{D5BBEC4F-AEDC-4239-BA6E-73888629F629}.Release|Any CPU.ActiveCfg = Release|Any CPU
		{D5BBEC4F-AEDC-4239-BA6E-73888629F629}.Release|Any CPU.Build.0 = Release|Any CPU
		{71B5EE3C-7A24-43EA-95A7-18BE9E68A003}.Debug|Any CPU.ActiveCfg = Debug|Any CPU
		{71B5EE3C-7A24-43EA-95A7-18BE9E68A003}.Debug|Any CPU.Build.0 = Debug|Any CPU
		{71B5EE3C-7A24-43EA-95A7-18BE9E68A003}.Release|Any CPU.ActiveCfg = Release|Any CPU
		{71B5EE3C-7A24-43EA-95A7-18BE9E68A003}.Release|Any CPU.Build.0 = Release|Any CPU
		{E4A6E04A-93C0-4D6A-814E-C969B59AA889}.Debug|Any CPU.ActiveCfg = Debug|Any CPU
		{E4A6E04A-93C0-4D6A-814E-C969B59AA889}.Debug|Any CPU.Build.0 = Debug|Any CPU
		{E4A6E04A-93C0-4D6A-814E-C969B59AA889}.Release|Any CPU.ActiveCfg = Release|Any CPU
		{E4A6E04A-93C0-4D6A-814E-C969B59AA889}.Release|Any CPU.Build.0 = Release|Any CPU
		{5C5D9E84-82BC-46A1-8E52-2A49C3A67E40}.Debug|Any CPU.ActiveCfg = Debug|Any CPU
		{5C5D9E84-82BC-46A1-8E52-2A49C3A67E40}.Debug|Any CPU.Build.0 = Debug|Any CPU
		{5C5D9E84-82BC-46A1-8E52-2A49C3A67E40}.Release|Any CPU.ActiveCfg = Release|Any CPU
		{5C5D9E84-82BC-46A1-8E52-2A49C3A67E40}.Release|Any CPU.Build.0 = Release|Any CPU
		{9EAA25FB-69E5-49FB-A007-1D622D6E88B3}.Debug|Any CPU.ActiveCfg = Debug|Any CPU
		{9EAA25FB-69E5-49FB-A007-1D622D6E88B3}.Debug|Any CPU.Build.0 = Debug|Any CPU
		{9EAA25FB-69E5-49FB-A007-1D622D6E88B3}.Release|Any CPU.ActiveCfg = Release|Any CPU
		{9EAA25FB-69E5-49FB-A007-1D622D6E88B3}.Release|Any CPU.Build.0 = Release|Any CPU
	EndGlobalSection
	GlobalSection(SolutionProperties) = preSolution
		HideSolutionNode = FALSE
	EndGlobalSection
	GlobalSection(NestedProjects) = preSolution
		{1A2186CC-F93D-4269-87C1-371560D4BE62} = {76C0DA64-E7D4-46B2-A611-2986E33BF167}
	EndGlobalSection
	GlobalSection(ExtensibilityGlobals) = postSolution
		SolutionGuid = {6E9C81FA-AF9E-4ADC-B94E-82CCE91B1041}
	EndGlobalSection
EndGlobal
