
Microsoft Visual Studio Solution File, Format Version 12.00
# Visual Studio 15
VisualStudioVersion = 15.0.28307.705
MinimumVisualStudioVersion = 10.0.40219.1
Project("{9A19103F-16F7-4668-BE54-9A1E7A4F7556}") = "VirtoCommerce.ElasticSearchModule.Web", "VirtoCommerce.ElasticSearchModule.Web\VirtoCommerce.ElasticSearchModule.Web.csproj", "{75B691E4-20C9-4B3D-AA75-B25086E4DCE3}"
EndProject
Project("{9A19103F-16F7-4668-BE54-9A1E7A4F7556}") = "VirtoCommerce.ElasticSearchModule.Data", "VirtoCommerce.ElasticSearchModule.Data\VirtoCommerce.ElasticSearchModule.Data.csproj", "{23A0DD5E-A69F-4AD1-8B2A-5FA3A3FA0CF7}"
EndProject
Project("{9A19103F-16F7-4668-BE54-9A1E7A4F7556}") = "VirtoCommerce.ElasticSearchModule.Tests", "VirtoCommerce.ElasticSearchModule.Tests\VirtoCommerce.ElasticSearchModule.Tests.csproj", "{3E955995-4700-4CA7-87FB-E9D7C9C3838D}"
EndProject
Global
	GlobalSection(SolutionConfigurationPlatforms) = preSolution
		Debug|Any CPU = Debug|Any CPU
		Release|Any CPU = Release|Any CPU
	EndGlobalSection
	GlobalSection(ProjectConfigurationPlatforms) = postSolution
		{75B691E4-20C9-4B3D-AA75-B25086E4DCE3}.Debug|Any CPU.ActiveCfg = Debug|Any CPU
		{75B691E4-20C9-4B3D-AA75-B25086E4DCE3}.Debug|Any CPU.Build.0 = Debug|Any CPU
		{75B691E4-20C9-4B3D-AA75-B25086E4DCE3}.Release|Any CPU.ActiveCfg = Release|Any CPU
		{75B691E4-20C9-4B3D-AA75-B25086E4DCE3}.Release|Any CPU.Build.0 = Release|Any CPU
		{23A0DD5E-A69F-4AD1-8B2A-5FA3A3FA0CF7}.Debug|Any CPU.ActiveCfg = Debug|Any CPU
		{23A0DD5E-A69F-4AD1-8B2A-5FA3A3FA0CF7}.Debug|Any CPU.Build.0 = Debug|Any CPU
		{23A0DD5E-A69F-4AD1-8B2A-5FA3A3FA0CF7}.Release|Any CPU.ActiveCfg = Release|Any CPU
		{23A0DD5E-A69F-4AD1-8B2A-5FA3A3FA0CF7}.Release|Any CPU.Build.0 = Release|Any CPU
		{3E955995-4700-4CA7-87FB-E9D7C9C3838D}.Debug|Any CPU.ActiveCfg = Debug|Any CPU
		{3E955995-4700-4CA7-87FB-E9D7C9C3838D}.Debug|Any CPU.Build.0 = Debug|Any CPU
		{3E955995-4700-4CA7-87FB-E9D7C9C3838D}.Release|Any CPU.ActiveCfg = Release|Any CPU
		{3E955995-4700-4CA7-87FB-E9D7C9C3838D}.Release|Any CPU.Build.0 = Release|Any CPU
	EndGlobalSection
	GlobalSection(SolutionProperties) = preSolution
		HideSolutionNode = FALSE
	EndGlobalSection
	GlobalSection(ExtensibilityGlobals) = postSolution
		SolutionGuid = {FD0D7E52-58BA-43AA-9C0C-ECAC275B24E5}
	EndGlobalSection
EndGlobal
