
Microsoft Visual Studio Solution File, Format Version 12.00
# Visual Studio 15
VisualStudioVersion = 15.0.27130.2027
MinimumVisualStudioVersion = 10.0.40219.1
Project("{9A19103F-16F7-4668-BE54-9A1E7A4F7556}") = "VirtoCommerce.Platform.Web", "VirtoCommerce.Platform.Web\VirtoCommerce.Platform.Web.csproj", "{63AE8D85-091F-4F6D-99FC-1BF8F96494F7}"
EndProject
Project("{9A19103F-16F7-4668-BE54-9A1E7A4F7556}") = "VirtoCommerce.Platform.Modules", "VirtoCommerce.Platform.Modules\VirtoCommerce.Platform.Modules.csproj", "{9AF23754-5465-43B6-A93E-9C7A346FDDFA}"
EndProject
Project("{2150E333-8FDC-42A3-9474-1A3956D46DE8}") = "Modules", "Modules", "{7052A390-9A84-46DA-BD3B-556FD74DEC97}"
EndProject
Project("{2150E333-8FDC-42A3-9474-1A3956D46DE8}") = "Module1", "Module1", "{1B8260F3-4F5D-4046-9AE0-34F2F9320409}"
EndProject
Project("{9A19103F-16F7-4668-BE54-9A1E7A4F7556}") = "Module1.Web", "Modules\Module1\Module1.Web\Module1.Web.csproj", "{5CA37FDD-2DEC-4299-89E8-2B58EE458ED9}"
EndProject
Project("{9A19103F-16F7-4668-BE54-9A1E7A4F7556}") = "Module1.Abstractions", "Modules\Module1\Module1.Abstractions\Module1.Abstractions.csproj", "{DDE15E15-939A-43D6-8933-5E68717C902B}"
EndProject
Project("{9A19103F-16F7-4668-BE54-9A1E7A4F7556}") = "VirtoCommerce.Platform.Data", "VirtoCommerce.Platform.Data\VirtoCommerce.Platform.Data.csproj", "{DF795AD4-055F-43E6-83B1-20C71FA3AB2E}"
EndProject
Project("{9A19103F-16F7-4668-BE54-9A1E7A4F7556}") = "VirtoCommerce.Platform.Core", "VirtoCommerce.Platform.Core\VirtoCommerce.Platform.Core.csproj", "{D1FA5975-F96A-4070-B0E3-463B691F1643}"
EndProject
Project("{9A19103F-16F7-4668-BE54-9A1E7A4F7556}") = "VirtoCommerce.Platform.Security", "VirtoCommerce.Platform.Security\VirtoCommerce.Platform.Security.csproj", "{761F9B26-F4F8-4FB5-8651-7E36F2E5569B}"
EndProject
Project("{2150E333-8FDC-42A3-9474-1A3956D46DE8}") = "vc-module-catalog", "vc-module-catalog", "{67F372C4-BCD0-4AF4-B3EC-474648700B15}"
EndProject
Project("{9A19103F-16F7-4668-BE54-9A1E7A4F7556}") = "VirtoCommerce.CatalogModule.Core", "Modules\vc-module-catalog\VirtoCommerce.CatalogModule.Core\VirtoCommerce.CatalogModule.Core.csproj", "{3F41010B-5CF3-4020-BF64-8C6D672A30DD}"
EndProject
Project("{2150E333-8FDC-42A3-9474-1A3956D46DE8}") = "vc-module-core", "vc-module-core", "{CF81DDF0-221F-4CB7-9B89-5935C54B8D5B}"
EndProject
Project("{9A19103F-16F7-4668-BE54-9A1E7A4F7556}") = "VirtoCommerce.CoreModule.Core", "Modules\vc-module-core\VirtoCommerce.CoreModule.Core\VirtoCommerce.CoreModule.Core.csproj", "{0AE44C97-C36D-48D6-AF5A-27B120005655}"
EndProject
Project("{9A19103F-16F7-4668-BE54-9A1E7A4F7556}") = "VirtoCommerce.CatalogModule.Data", "Modules\vc-module-catalog\VirtoCommerce.CatalogModule.Data\VirtoCommerce.CatalogModule.Data.csproj", "{1E2E250F-FBD1-4516-8C55-D4E0E6BC9596}"
EndProject
Project("{9A19103F-16F7-4668-BE54-9A1E7A4F7556}") = "VirtoCommerce.CatalogModule.Web", "Modules\vc-module-catalog\VirtoCommerce.CatalogModule.Web\VirtoCommerce.CatalogModule.Web.csproj", "{08075BC4-F864-4128-B4A1-939F58CE3AD8}"
EndProject
Project("{9A19103F-16F7-4668-BE54-9A1E7A4F7556}") = "VirtoCommerce.CoreModule.Web", "Modules\vc-module-core\VirtoCommerce.CoreModule.Web\VirtoCommerce.CoreModule.Web.csproj", "{091EFD2C-37DD-4790-A5EE-B0B221862C50}"
EndProject
Global
	GlobalSection(SolutionConfigurationPlatforms) = preSolution
		Debug|Any CPU = Debug|Any CPU
		Release|Any CPU = Release|Any CPU
	EndGlobalSection
	GlobalSection(ProjectConfigurationPlatforms) = postSolution
		{63AE8D85-091F-4F6D-99FC-1BF8F96494F7}.Debug|Any CPU.ActiveCfg = Debug|Any CPU
		{63AE8D85-091F-4F6D-99FC-1BF8F96494F7}.Debug|Any CPU.Build.0 = Debug|Any CPU
		{63AE8D85-091F-4F6D-99FC-1BF8F96494F7}.Release|Any CPU.ActiveCfg = Release|Any CPU
		{63AE8D85-091F-4F6D-99FC-1BF8F96494F7}.Release|Any CPU.Build.0 = Release|Any CPU
		{9AF23754-5465-43B6-A93E-9C7A346FDDFA}.Debug|Any CPU.ActiveCfg = Debug|Any CPU
		{9AF23754-5465-43B6-A93E-9C7A346FDDFA}.Debug|Any CPU.Build.0 = Debug|Any CPU
		{9AF23754-5465-43B6-A93E-9C7A346FDDFA}.Release|Any CPU.ActiveCfg = Release|Any CPU
		{9AF23754-5465-43B6-A93E-9C7A346FDDFA}.Release|Any CPU.Build.0 = Release|Any CPU
		{5CA37FDD-2DEC-4299-89E8-2B58EE458ED9}.Debug|Any CPU.ActiveCfg = Debug|Any CPU
		{5CA37FDD-2DEC-4299-89E8-2B58EE458ED9}.Debug|Any CPU.Build.0 = Debug|Any CPU
		{5CA37FDD-2DEC-4299-89E8-2B58EE458ED9}.Release|Any CPU.ActiveCfg = Release|Any CPU
		{5CA37FDD-2DEC-4299-89E8-2B58EE458ED9}.Release|Any CPU.Build.0 = Release|Any CPU
		{DDE15E15-939A-43D6-8933-5E68717C902B}.Debug|Any CPU.ActiveCfg = Debug|Any CPU
		{DDE15E15-939A-43D6-8933-5E68717C902B}.Debug|Any CPU.Build.0 = Debug|Any CPU
		{DDE15E15-939A-43D6-8933-5E68717C902B}.Release|Any CPU.ActiveCfg = Release|Any CPU
		{DDE15E15-939A-43D6-8933-5E68717C902B}.Release|Any CPU.Build.0 = Release|Any CPU
		{DF795AD4-055F-43E6-83B1-20C71FA3AB2E}.Debug|Any CPU.ActiveCfg = Debug|Any CPU
		{DF795AD4-055F-43E6-83B1-20C71FA3AB2E}.Debug|Any CPU.Build.0 = Debug|Any CPU
		{DF795AD4-055F-43E6-83B1-20C71FA3AB2E}.Release|Any CPU.ActiveCfg = Release|Any CPU
		{DF795AD4-055F-43E6-83B1-20C71FA3AB2E}.Release|Any CPU.Build.0 = Release|Any CPU
		{D1FA5975-F96A-4070-B0E3-463B691F1643}.Debug|Any CPU.ActiveCfg = Debug|Any CPU
		{D1FA5975-F96A-4070-B0E3-463B691F1643}.Debug|Any CPU.Build.0 = Debug|Any CPU
		{D1FA5975-F96A-4070-B0E3-463B691F1643}.Release|Any CPU.ActiveCfg = Release|Any CPU
		{D1FA5975-F96A-4070-B0E3-463B691F1643}.Release|Any CPU.Build.0 = Release|Any CPU
		{761F9B26-F4F8-4FB5-8651-7E36F2E5569B}.Debug|Any CPU.ActiveCfg = Debug|Any CPU
		{761F9B26-F4F8-4FB5-8651-7E36F2E5569B}.Debug|Any CPU.Build.0 = Debug|Any CPU
		{761F9B26-F4F8-4FB5-8651-7E36F2E5569B}.Release|Any CPU.ActiveCfg = Release|Any CPU
		{761F9B26-F4F8-4FB5-8651-7E36F2E5569B}.Release|Any CPU.Build.0 = Release|Any CPU
		{3F41010B-5CF3-4020-BF64-8C6D672A30DD}.Debug|Any CPU.ActiveCfg = Debug|Any CPU
		{3F41010B-5CF3-4020-BF64-8C6D672A30DD}.Debug|Any CPU.Build.0 = Debug|Any CPU
		{3F41010B-5CF3-4020-BF64-8C6D672A30DD}.Release|Any CPU.ActiveCfg = Release|Any CPU
		{3F41010B-5CF3-4020-BF64-8C6D672A30DD}.Release|Any CPU.Build.0 = Release|Any CPU
		{0AE44C97-C36D-48D6-AF5A-27B120005655}.Debug|Any CPU.ActiveCfg = Debug|Any CPU
		{0AE44C97-C36D-48D6-AF5A-27B120005655}.Debug|Any CPU.Build.0 = Debug|Any CPU
		{0AE44C97-C36D-48D6-AF5A-27B120005655}.Release|Any CPU.ActiveCfg = Release|Any CPU
		{0AE44C97-C36D-48D6-AF5A-27B120005655}.Release|Any CPU.Build.0 = Release|Any CPU
		{1E2E250F-FBD1-4516-8C55-D4E0E6BC9596}.Debug|Any CPU.ActiveCfg = Debug|Any CPU
		{1E2E250F-FBD1-4516-8C55-D4E0E6BC9596}.Debug|Any CPU.Build.0 = Debug|Any CPU
		{1E2E250F-FBD1-4516-8C55-D4E0E6BC9596}.Release|Any CPU.ActiveCfg = Release|Any CPU
		{1E2E250F-FBD1-4516-8C55-D4E0E6BC9596}.Release|Any CPU.Build.0 = Release|Any CPU
		{08075BC4-F864-4128-B4A1-939F58CE3AD8}.Debug|Any CPU.ActiveCfg = Debug|Any CPU
		{08075BC4-F864-4128-B4A1-939F58CE3AD8}.Debug|Any CPU.Build.0 = Debug|Any CPU
		{08075BC4-F864-4128-B4A1-939F58CE3AD8}.Release|Any CPU.ActiveCfg = Release|Any CPU
		{08075BC4-F864-4128-B4A1-939F58CE3AD8}.Release|Any CPU.Build.0 = Release|Any CPU
		{091EFD2C-37DD-4790-A5EE-B0B221862C50}.Debug|Any CPU.ActiveCfg = Debug|Any CPU
		{091EFD2C-37DD-4790-A5EE-B0B221862C50}.Debug|Any CPU.Build.0 = Debug|Any CPU
		{091EFD2C-37DD-4790-A5EE-B0B221862C50}.Release|Any CPU.ActiveCfg = Release|Any CPU
		{091EFD2C-37DD-4790-A5EE-B0B221862C50}.Release|Any CPU.Build.0 = Release|Any CPU
	EndGlobalSection
	GlobalSection(SolutionProperties) = preSolution
		HideSolutionNode = FALSE
	EndGlobalSection
	GlobalSection(NestedProjects) = preSolution
		{1B8260F3-4F5D-4046-9AE0-34F2F9320409} = {7052A390-9A84-46DA-BD3B-556FD74DEC97}
		{5CA37FDD-2DEC-4299-89E8-2B58EE458ED9} = {1B8260F3-4F5D-4046-9AE0-34F2F9320409}
		{DDE15E15-939A-43D6-8933-5E68717C902B} = {1B8260F3-4F5D-4046-9AE0-34F2F9320409}
		{67F372C4-BCD0-4AF4-B3EC-474648700B15} = {7052A390-9A84-46DA-BD3B-556FD74DEC97}
		{3F41010B-5CF3-4020-BF64-8C6D672A30DD} = {67F372C4-BCD0-4AF4-B3EC-474648700B15}
		{CF81DDF0-221F-4CB7-9B89-5935C54B8D5B} = {7052A390-9A84-46DA-BD3B-556FD74DEC97}
		{0AE44C97-C36D-48D6-AF5A-27B120005655} = {CF81DDF0-221F-4CB7-9B89-5935C54B8D5B}
		{1E2E250F-FBD1-4516-8C55-D4E0E6BC9596} = {67F372C4-BCD0-4AF4-B3EC-474648700B15}
		{08075BC4-F864-4128-B4A1-939F58CE3AD8} = {67F372C4-BCD0-4AF4-B3EC-474648700B15}
		{091EFD2C-37DD-4790-A5EE-B0B221862C50} = {CF81DDF0-221F-4CB7-9B89-5935C54B8D5B}
	EndGlobalSection
	GlobalSection(ExtensibilityGlobals) = postSolution
		SolutionGuid = {80F99D88-A3B2-4ED2-9148-43D43EBFFFC3}
	EndGlobalSection
EndGlobal
