Microsoft Visual Studio Solution File, Format Version 12.00
# Visual Studio 15
VisualStudioVersion = 15.0.28307.489
MinimumVisualStudioVersion = 10.0.40219.1
Project("{9A19103F-16F7-4668-BE54-9A1E7A4F7556}") = "VirtoCommerce.CoreModule.Core", "VirtoCommerce.CoreModule.Core\VirtoCommerce.CoreModule.Core.csproj", "{3BB763CD-9A5C-4428-AE4A-32161A930CEF}"
EndProject
Project("{9A19103F-16F7-4668-BE54-9A1E7A4F7556}") = "VirtoCommerce.CoreModule.Data", "VirtoCommerce.CoreModule.Data\VirtoCommerce.CoreModule.Data.csproj", "{A01DE2C3-BF81-4E4E-AF38-807A99A2D711}"
EndProject
Project("{9A19103F-16F7-4668-BE54-9A1E7A4F7556}") = "VirtoCommerce.CoreModule.Tests", "VirtoCommerce.CoreModule.Tests\VirtoCommerce.CoreModule.Tests.csproj", "{807BF8E8-2696-4B3F-B407-C9CCF9257996}"
EndProject
Project("{9A19103F-16F7-4668-BE54-9A1E7A4F7556}") = "VirtoCommerce.CoreModule.Web", "VirtoCommerce.CoreModule.Web\VirtoCommerce.CoreModule.Web.csproj", "{EBB2D04A-9A87-4638-8616-839F646AE8CB}"
EndProject
Project("{9A19103F-16F7-4668-BE54-9A1E7A4F7556}") = "VirtoCommerce.Tools", "VirtoCommerce.Tools\VirtoCommerce.Tools.csproj", "{EAF487B5-2C53-4891-AEA4-766DC90CDCBF}"
EndProject
Project("{9A19103F-16F7-4668-BE54-9A1E7A4F7556}") = "VirtoCommerce.Tools.Tests", "VirtoCommerce.Tools.Tests\VirtoCommerce.Tools.Tests.csproj", "{71853134-9365-4EC9-8A67-9B83AA42774C}"
EndProject
Project("{9A19103F-16F7-4668-BE54-9A1E7A4F7556}") = "VirtoCommerce.Platform.Core", "..\..\VirtoCommerce.Platform.Core\VirtoCommerce.Platform.Core.csproj", "{874C7EAB-D59B-44DE-BC5D-9D864C2349D8}"
EndProject
Project("{9A19103F-16F7-4668-BE54-9A1E7A4F7556}") = "VirtoCommerce.Platform.Data", "..\..\VirtoCommerce.Platform.Data\VirtoCommerce.Platform.Data.csproj", "{A54A3D11-3A03-4227-BF37-56AA05623C12}"
EndProject
Global
	GlobalSection(SolutionConfigurationPlatforms) = preSolution
		Debug|Any CPU = Debug|Any CPU
		Release|Any CPU = Release|Any CPU
	EndGlobalSection
	GlobalSection(ProjectConfigurationPlatforms) = postSolution
		{3BB763CD-9A5C-4428-AE4A-32161A930CEF}.Debug|Any CPU.ActiveCfg = Debug|Any CPU
		{3BB763CD-9A5C-4428-AE4A-32161A930CEF}.Debug|Any CPU.Build.0 = Debug|Any CPU
		{3BB763CD-9A5C-4428-AE4A-32161A930CEF}.Release|Any CPU.ActiveCfg = Release|Any CPU
		{3BB763CD-9A5C-4428-AE4A-32161A930CEF}.Release|Any CPU.Build.0 = Release|Any CPU
		{A01DE2C3-BF81-4E4E-AF38-807A99A2D711}.Debug|Any CPU.ActiveCfg = Debug|Any CPU
		{A01DE2C3-BF81-4E4E-AF38-807A99A2D711}.Debug|Any CPU.Build.0 = Debug|Any CPU
		{A01DE2C3-BF81-4E4E-AF38-807A99A2D711}.Release|Any CPU.ActiveCfg = Release|Any CPU
		{A01DE2C3-BF81-4E4E-AF38-807A99A2D711}.Release|Any CPU.Build.0 = Release|Any CPU
		{807BF8E8-2696-4B3F-B407-C9CCF9257996}.Debug|Any CPU.ActiveCfg = Debug|Any CPU
		{807BF8E8-2696-4B3F-B407-C9CCF9257996}.Debug|Any CPU.Build.0 = Debug|Any CPU
		{807BF8E8-2696-4B3F-B407-C9CCF9257996}.Release|Any CPU.ActiveCfg = Release|Any CPU
		{807BF8E8-2696-4B3F-B407-C9CCF9257996}.Release|Any CPU.Build.0 = Release|Any CPU
		{EBB2D04A-9A87-4638-8616-839F646AE8CB}.Debug|Any CPU.ActiveCfg = Debug|Any CPU
		{EBB2D04A-9A87-4638-8616-839F646AE8CB}.Debug|Any CPU.Build.0 = Debug|Any CPU
		{EBB2D04A-9A87-4638-8616-839F646AE8CB}.Release|Any CPU.ActiveCfg = Release|Any CPU
		{EBB2D04A-9A87-4638-8616-839F646AE8CB}.Release|Any CPU.Build.0 = Release|Any CPU
		{EAF487B5-2C53-4891-AEA4-766DC90CDCBF}.Debug|Any CPU.ActiveCfg = Debug|Any CPU
		{EAF487B5-2C53-4891-AEA4-766DC90CDCBF}.Debug|Any CPU.Build.0 = Debug|Any CPU
		{EAF487B5-2C53-4891-AEA4-766DC90CDCBF}.Release|Any CPU.ActiveCfg = Release|Any CPU
		{EAF487B5-2C53-4891-AEA4-766DC90CDCBF}.Release|Any CPU.Build.0 = Release|Any CPU
		{71853134-9365-4EC9-8A67-9B83AA42774C}.Debug|Any CPU.ActiveCfg = Debug|Any CPU
		{71853134-9365-4EC9-8A67-9B83AA42774C}.Debug|Any CPU.Build.0 = Debug|Any CPU
		{71853134-9365-4EC9-8A67-9B83AA42774C}.Release|Any CPU.ActiveCfg = Release|Any CPU
		{71853134-9365-4EC9-8A67-9B83AA42774C}.Release|Any CPU.Build.0 = Release|Any CPU
		{874C7EAB-D59B-44DE-BC5D-9D864C2349D8}.Debug|Any CPU.ActiveCfg = Debug|Any CPU
		{874C7EAB-D59B-44DE-BC5D-9D864C2349D8}.Debug|Any CPU.Build.0 = Debug|Any CPU
		{874C7EAB-D59B-44DE-BC5D-9D864C2349D8}.Release|Any CPU.ActiveCfg = Release|Any CPU
		{874C7EAB-D59B-44DE-BC5D-9D864C2349D8}.Release|Any CPU.Build.0 = Release|Any CPU
		{A54A3D11-3A03-4227-BF37-56AA05623C12}.Debug|Any CPU.ActiveCfg = Debug|Any CPU
		{A54A3D11-3A03-4227-BF37-56AA05623C12}.Debug|Any CPU.Build.0 = Debug|Any CPU
		{A54A3D11-3A03-4227-BF37-56AA05623C12}.Release|Any CPU.ActiveCfg = Release|Any CPU
		{A54A3D11-3A03-4227-BF37-56AA05623C12}.Release|Any CPU.Build.0 = Release|Any CPU
	EndGlobalSection
	GlobalSection(SolutionProperties) = preSolution
		HideSolutionNode = FALSE
	EndGlobalSection
	GlobalSection(ExtensibilityGlobals) = postSolution
		SolutionGuid = {32248C26-4E42-486D-8EAF-E04D8858B548}
	EndGlobalSection
EndGlobal
