Microsoft Visual Studio Solution File, Format Version 12.00
# Visual Studio 15
VisualStudioVersion = 15.0.28307.489
MinimumVisualStudioVersion = 10.0.40219.1
Project("{9A19103F-16F7-4668-BE54-9A1E7A4F7556}") = "VirtoCommerce.SubscriptionModule.Core", "VirtoCommerce.SubscriptionModule.Core\VirtoCommerce.SubscriptionModule.Core.csproj", "{F1F2A4AC-08F4-4B3B-97C8-B8670AE5E6D7}"
EndProject
Project("{9A19103F-16F7-4668-BE54-9A1E7A4F7556}") = "VirtoCommerce.SubscriptionModule.Data", "VirtoCommerce.SubscriptionModule.Data\VirtoCommerce.SubscriptionModule.Data.csproj", "{0CAB9EB3-367E-4D69-8186-B8FE1B744E62}"
EndProject
Project("{9A19103F-16F7-4668-BE54-9A1E7A4F7556}") = "VirtoCommerce.SubscriptionModule.Test", "VirtoCommerce.SubscriptionModule.Test\VirtoCommerce.SubscriptionModule.Test.csproj", "{5320F283-37C9-4657-A8D8-D6FFB2F6C7F4}"
EndProject
Project("{9A19103F-16F7-4668-BE54-9A1E7A4F7556}") = "VirtoCommerce.SubscriptionModule.Web", "VirtoCommerce.SubscriptionModule.Web\VirtoCommerce.SubscriptionModule.Web.csproj", "{A447BFF8-B5DE-45EB-A7EF-22747AAFF81E}"
EndProject
Project("{9A19103F-16F7-4668-BE54-9A1E7A4F7556}") = "VirtoCommerce.CoreModule.Core", "..\vc-module-core\VirtoCommerce.CoreModule.Core\VirtoCommerce.CoreModule.Core.csproj", "{7016332A-7223-4695-B49F-E4E81BA9097F}"
EndProject
Project("{9A19103F-16F7-4668-BE54-9A1E7A4F7556}") = "VirtoCommerce.OrdersModule.Core", "..\vc-module-orders\VirtoCommerce.OrdersModule.Core\VirtoCommerce.OrdersModule.Core.csproj", "{A5CC0A9C-C90A-4938-BC25-3B3E14A31765}"
EndProject
Project("{9A19103F-16F7-4668-BE54-9A1E7A4F7556}") = "VirtoCommerce.StoreModule.Core", "..\vc-module-store\VirtoCommerce.StoreModule.Core\VirtoCommerce.StoreModule.Core.csproj", "{F1BF0E86-69B4-40D8-B2C4-5CFC7869EDAA}"
EndProject
Project("{9A19103F-16F7-4668-BE54-9A1E7A4F7556}") = "VirtoCommerce.Platform.Core", "..\..\VirtoCommerce.Platform.Core\VirtoCommerce.Platform.Core.csproj", "{43C386CE-2150-4892-A21A-54FED7BA883B}"
EndProject
Project("{9A19103F-16F7-4668-BE54-9A1E7A4F7556}") = "VirtoCommerce.Platform.Data", "..\..\VirtoCommerce.Platform.Data\VirtoCommerce.Platform.Data.csproj", "{335FC2F6-A3C6-4227-AC07-9EADEE455B92}"
EndProject
Project("{9A19103F-16F7-4668-BE54-9A1E7A4F7556}") = "VirtoCommerce.CatalogModule.Core", "..\vc-module-catalog\VirtoCommerce.CatalogModule.Core\VirtoCommerce.CatalogModule.Core.csproj", "{A9444784-27CF-4753-827D-ADB39440695A}"
EndProject
Project("{9A19103F-16F7-4668-BE54-9A1E7A4F7556}") = "VirtoCommerce.NotificationsModule.Core", "..\vc-module-notifications\VirtoCommerce.NotificationsModule.Core\VirtoCommerce.NotificationsModule.Core.csproj", "{0C1093B1-E138-4A4E-B2AC-A2839231C9FC}"
EndProject
Project("{9A19103F-16F7-4668-BE54-9A1E7A4F7556}") = "VirtoCommerce.SearchModule.Core", "..\vc-module-search\VirtoCommerce.SearchModule.Core\VirtoCommerce.SearchModule.Core.csproj", "{8B411B45-5D61-4FFB-8161-37FA5A344B31}"
EndProject
Project("{9A19103F-16F7-4668-BE54-9A1E7A4F7556}") = "VirtoCommerce.InventoryModule.Core", "..\vc-module-inventory\VirtoCommerce.InventoryModule.Core\VirtoCommerce.InventoryModule.Core.csproj", "{AEA283E9-E639-493A-B64D-45D17A075935}"
EndProject
Project("{9A19103F-16F7-4668-BE54-9A1E7A4F7556}") = "VirtoCommerce.CustomerModule.Core", "..\vc-module-customer\VirtoCommerce.CustomerModule.Core\VirtoCommerce.CustomerModule.Core.csproj", "{EC48B564-68CB-4940-8537-993CB0DAFEA6}"
EndProject
Project("{9A19103F-16F7-4668-BE54-9A1E7A4F7556}") = "VirtoCommerce.PaymentModule.Core", "..\vc-module-payment\VirtoCommerce.Payment.Core\VirtoCommerce.PaymentModule.Core.csproj", "{BFE86B47-68E1-41D5-9BAB-EBF60F23B653}"
EndProject
Project("{9A19103F-16F7-4668-BE54-9A1E7A4F7556}") = "VirtoCommerce.ShippingModule.Core", "..\vc-module-shipping\VirtoCommerce.ShippingModule.Core\VirtoCommerce.ShippingModule.Core.csproj", "{A8D6168B-FD50-4B05-834D-423F206E9A3E}"
EndProject
Global
	GlobalSection(SolutionConfigurationPlatforms) = preSolution
		Debug|Any CPU = Debug|Any CPU
		Release|Any CPU = Release|Any CPU
	EndGlobalSection
	GlobalSection(ProjectConfigurationPlatforms) = postSolution
		{F1F2A4AC-08F4-4B3B-97C8-B8670AE5E6D7}.Debug|Any CPU.ActiveCfg = Debug|Any CPU
		{F1F2A4AC-08F4-4B3B-97C8-B8670AE5E6D7}.Debug|Any CPU.Build.0 = Debug|Any CPU
		{F1F2A4AC-08F4-4B3B-97C8-B8670AE5E6D7}.Release|Any CPU.ActiveCfg = Release|Any CPU
		{F1F2A4AC-08F4-4B3B-97C8-B8670AE5E6D7}.Release|Any CPU.Build.0 = Release|Any CPU
		{0CAB9EB3-367E-4D69-8186-B8FE1B744E62}.Debug|Any CPU.ActiveCfg = Debug|Any CPU
		{0CAB9EB3-367E-4D69-8186-B8FE1B744E62}.Debug|Any CPU.Build.0 = Debug|Any CPU
		{0CAB9EB3-367E-4D69-8186-B8FE1B744E62}.Release|Any CPU.ActiveCfg = Release|Any CPU
		{0CAB9EB3-367E-4D69-8186-B8FE1B744E62}.Release|Any CPU.Build.0 = Release|Any CPU
		{5320F283-37C9-4657-A8D8-D6FFB2F6C7F4}.Debug|Any CPU.ActiveCfg = Debug|Any CPU
		{5320F283-37C9-4657-A8D8-D6FFB2F6C7F4}.Debug|Any CPU.Build.0 = Debug|Any CPU
		{5320F283-37C9-4657-A8D8-D6FFB2F6C7F4}.Release|Any CPU.ActiveCfg = Release|Any CPU
		{5320F283-37C9-4657-A8D8-D6FFB2F6C7F4}.Release|Any CPU.Build.0 = Release|Any CPU
		{A447BFF8-B5DE-45EB-A7EF-22747AAFF81E}.Debug|Any CPU.ActiveCfg = Debug|Any CPU
		{A447BFF8-B5DE-45EB-A7EF-22747AAFF81E}.Debug|Any CPU.Build.0 = Debug|Any CPU
		{A447BFF8-B5DE-45EB-A7EF-22747AAFF81E}.Release|Any CPU.ActiveCfg = Release|Any CPU
		{A447BFF8-B5DE-45EB-A7EF-22747AAFF81E}.Release|Any CPU.Build.0 = Release|Any CPU
		{7016332A-7223-4695-B49F-E4E81BA9097F}.Debug|Any CPU.ActiveCfg = Debug|Any CPU
		{7016332A-7223-4695-B49F-E4E81BA9097F}.Debug|Any CPU.Build.0 = Debug|Any CPU
		{7016332A-7223-4695-B49F-E4E81BA9097F}.Release|Any CPU.ActiveCfg = Release|Any CPU
		{7016332A-7223-4695-B49F-E4E81BA9097F}.Release|Any CPU.Build.0 = Release|Any CPU
		{A5CC0A9C-C90A-4938-BC25-3B3E14A31765}.Debug|Any CPU.ActiveCfg = Debug|Any CPU
		{A5CC0A9C-C90A-4938-BC25-3B3E14A31765}.Debug|Any CPU.Build.0 = Debug|Any CPU
		{A5CC0A9C-C90A-4938-BC25-3B3E14A31765}.Release|Any CPU.ActiveCfg = Release|Any CPU
		{A5CC0A9C-C90A-4938-BC25-3B3E14A31765}.Release|Any CPU.Build.0 = Release|Any CPU
		{F1BF0E86-69B4-40D8-B2C4-5CFC7869EDAA}.Debug|Any CPU.ActiveCfg = Debug|Any CPU
		{F1BF0E86-69B4-40D8-B2C4-5CFC7869EDAA}.Debug|Any CPU.Build.0 = Debug|Any CPU
		{F1BF0E86-69B4-40D8-B2C4-5CFC7869EDAA}.Release|Any CPU.ActiveCfg = Release|Any CPU
		{F1BF0E86-69B4-40D8-B2C4-5CFC7869EDAA}.Release|Any CPU.Build.0 = Release|Any CPU
		{43C386CE-2150-4892-A21A-54FED7BA883B}.Debug|Any CPU.ActiveCfg = Debug|Any CPU
		{43C386CE-2150-4892-A21A-54FED7BA883B}.Debug|Any CPU.Build.0 = Debug|Any CPU
		{43C386CE-2150-4892-A21A-54FED7BA883B}.Release|Any CPU.ActiveCfg = Release|Any CPU
		{43C386CE-2150-4892-A21A-54FED7BA883B}.Release|Any CPU.Build.0 = Release|Any CPU
		{335FC2F6-A3C6-4227-AC07-9EADEE455B92}.Debug|Any CPU.ActiveCfg = Debug|Any CPU
		{335FC2F6-A3C6-4227-AC07-9EADEE455B92}.Debug|Any CPU.Build.0 = Debug|Any CPU
		{335FC2F6-A3C6-4227-AC07-9EADEE455B92}.Release|Any CPU.ActiveCfg = Release|Any CPU
		{335FC2F6-A3C6-4227-AC07-9EADEE455B92}.Release|Any CPU.Build.0 = Release|Any CPU
		{A9444784-27CF-4753-827D-ADB39440695A}.Debug|Any CPU.ActiveCfg = Debug|Any CPU
		{A9444784-27CF-4753-827D-ADB39440695A}.Debug|Any CPU.Build.0 = Debug|Any CPU
		{A9444784-27CF-4753-827D-ADB39440695A}.Release|Any CPU.ActiveCfg = Release|Any CPU
		{A9444784-27CF-4753-827D-ADB39440695A}.Release|Any CPU.Build.0 = Release|Any CPU
		{0C1093B1-E138-4A4E-B2AC-A2839231C9FC}.Debug|Any CPU.ActiveCfg = Debug|Any CPU
		{0C1093B1-E138-4A4E-B2AC-A2839231C9FC}.Debug|Any CPU.Build.0 = Debug|Any CPU
		{0C1093B1-E138-4A4E-B2AC-A2839231C9FC}.Release|Any CPU.ActiveCfg = Release|Any CPU
		{0C1093B1-E138-4A4E-B2AC-A2839231C9FC}.Release|Any CPU.Build.0 = Release|Any CPU
		{8B411B45-5D61-4FFB-8161-37FA5A344B31}.Debug|Any CPU.ActiveCfg = Debug|Any CPU
		{8B411B45-5D61-4FFB-8161-37FA5A344B31}.Debug|Any CPU.Build.0 = Debug|Any CPU
		{8B411B45-5D61-4FFB-8161-37FA5A344B31}.Release|Any CPU.ActiveCfg = Release|Any CPU
		{8B411B45-5D61-4FFB-8161-37FA5A344B31}.Release|Any CPU.Build.0 = Release|Any CPU
		{AEA283E9-E639-493A-B64D-45D17A075935}.Debug|Any CPU.ActiveCfg = Debug|Any CPU
		{AEA283E9-E639-493A-B64D-45D17A075935}.Debug|Any CPU.Build.0 = Debug|Any CPU
		{AEA283E9-E639-493A-B64D-45D17A075935}.Release|Any CPU.ActiveCfg = Release|Any CPU
		{AEA283E9-E639-493A-B64D-45D17A075935}.Release|Any CPU.Build.0 = Release|Any CPU
		{EC48B564-68CB-4940-8537-993CB0DAFEA6}.Debug|Any CPU.ActiveCfg = Debug|Any CPU
		{EC48B564-68CB-4940-8537-993CB0DAFEA6}.Debug|Any CPU.Build.0 = Debug|Any CPU
		{EC48B564-68CB-4940-8537-993CB0DAFEA6}.Release|Any CPU.ActiveCfg = Release|Any CPU
		{EC48B564-68CB-4940-8537-993CB0DAFEA6}.Release|Any CPU.Build.0 = Release|Any CPU
		{BFE86B47-68E1-41D5-9BAB-EBF60F23B653}.Debug|Any CPU.ActiveCfg = Debug|Any CPU
		{BFE86B47-68E1-41D5-9BAB-EBF60F23B653}.Debug|Any CPU.Build.0 = Debug|Any CPU
		{BFE86B47-68E1-41D5-9BAB-EBF60F23B653}.Release|Any CPU.ActiveCfg = Release|Any CPU
		{BFE86B47-68E1-41D5-9BAB-EBF60F23B653}.Release|Any CPU.Build.0 = Release|Any CPU
		{A8D6168B-FD50-4B05-834D-423F206E9A3E}.Debug|Any CPU.ActiveCfg = Debug|Any CPU
		{A8D6168B-FD50-4B05-834D-423F206E9A3E}.Debug|Any CPU.Build.0 = Debug|Any CPU
		{A8D6168B-FD50-4B05-834D-423F206E9A3E}.Release|Any CPU.ActiveCfg = Release|Any CPU
		{A8D6168B-FD50-4B05-834D-423F206E9A3E}.Release|Any CPU.Build.0 = Release|Any CPU
	EndGlobalSection
	GlobalSection(SolutionProperties) = preSolution
		HideSolutionNode = FALSE
	EndGlobalSection
	GlobalSection(ExtensibilityGlobals) = postSolution
		SolutionGuid = {9FDF0CE1-6CA9-49CC-8CE3-A5F661DB7C29}
	EndGlobalSection
EndGlobal
