
Microsoft Visual Studio Solution File, Format Version 12.00
# Visual Studio 15
VisualStudioVersion = 15.0.28307.705
MinimumVisualStudioVersion = 10.0.40219.1
Project("{9A19103F-16F7-4668-BE54-9A1E7A4F7556}") = "VirtoCommerce.AzureSearchModule.Data", "VirtoCommerce.AzureSearchModule.Data\VirtoCommerce.AzureSearchModule.Data.csproj", "{CF23F4B8-84C3-41B6-9AAB-564CC530FB56}"
EndProject
Project("{9A19103F-16F7-4668-BE54-9A1E7A4F7556}") = "VirtoCommerce.AzureSearchModule.Tests", "VirtoCommerce.AzureSearchModule.Tests\VirtoCommerce.AzureSearchModule.Tests.csproj", "{2070C444-318C-4071-991A-3F4106E60211}"
EndProject
Project("{9A19103F-16F7-4668-BE54-9A1E7A4F7556}") = "VirtoCommerce.AzureSearchModule.Web", "VirtoCommerce.AzureSearchModule.Web\VirtoCommerce.AzureSearchModule.Web.csproj", "{866D37A3-882D-4E39-B808-56F944A86C3F}"
EndProject
Global
	GlobalSection(SolutionConfigurationPlatforms) = preSolution
		Debug|Any CPU = Debug|Any CPU
		Release|Any CPU = Release|Any CPU
	EndGlobalSection
	GlobalSection(ProjectConfigurationPlatforms) = postSolution
		{CF23F4B8-84C3-41B6-9AAB-564CC530FB56}.Debug|Any CPU.ActiveCfg = Debug|Any CPU
		{CF23F4B8-84C3-41B6-9AAB-564CC530FB56}.Debug|Any CPU.Build.0 = Debug|Any CPU
		{CF23F4B8-84C3-41B6-9AAB-564CC530FB56}.Release|Any CPU.ActiveCfg = Release|Any CPU
		{CF23F4B8-84C3-41B6-9AAB-564CC530FB56}.Release|Any CPU.Build.0 = Release|Any CPU
		{2070C444-318C-4071-991A-3F4106E60211}.Debug|Any CPU.ActiveCfg = Debug|Any CPU
		{2070C444-318C-4071-991A-3F4106E60211}.Debug|Any CPU.Build.0 = Debug|Any CPU
		{2070C444-318C-4071-991A-3F4106E60211}.Release|Any CPU.ActiveCfg = Release|Any CPU
		{2070C444-318C-4071-991A-3F4106E60211}.Release|Any CPU.Build.0 = Release|Any CPU
		{866D37A3-882D-4E39-B808-56F944A86C3F}.Debug|Any CPU.ActiveCfg = Debug|Any CPU
		{866D37A3-882D-4E39-B808-56F944A86C3F}.Debug|Any CPU.Build.0 = Debug|Any CPU
		{866D37A3-882D-4E39-B808-56F944A86C3F}.Release|Any CPU.ActiveCfg = Release|Any CPU
		{866D37A3-882D-4E39-B808-56F944A86C3F}.Release|Any CPU.Build.0 = Release|Any CPU
	EndGlobalSection
	GlobalSection(SolutionProperties) = preSolution
		HideSolutionNode = FALSE
	EndGlobalSection
	GlobalSection(ExtensibilityGlobals) = postSolution
		SolutionGuid = {DBE5B9F8-CB70-4AD8-9979-77263AD4DD05}
	EndGlobalSection
EndGlobal
