Microsoft Visual Studio Solution File, Format Version 12.00
# Visual Studio 15
VisualStudioVersion = 15.0.28307.489
MinimumVisualStudioVersion = 10.0.40219.1
Project("{9A19103F-16F7-4668-BE54-9A1E7A4F7556}") = "VirtoCommerce.StoreModule.Core", "VirtoCommerce.StoreModule.Core\VirtoCommerce.StoreModule.Core.csproj", "{489AC2DA-5464-463B-8C43-AC1A22614F4B}"
EndProject
Project("{9A19103F-16F7-4668-BE54-9A1E7A4F7556}") = "VirtoCommerce.StoreModule.Data", "VirtoCommerce.StoreModule.Data\VirtoCommerce.StoreModule.Data.csproj", "{1DAE4E0D-A2A5-455F-88CF-034BC2BCC7A0}"
EndProject
Project("{9A19103F-16F7-4668-BE54-9A1E7A4F7556}") = "VirtoCommerce.StoreModule.Web", "VirtoCommerce.StoreModule.Web\VirtoCommerce.StoreModule.Web.csproj", "{D5459987-C4BA-474D-AB0E-6C22F2455139}"
EndProject
Project("{9A19103F-16F7-4668-BE54-9A1E7A4F7556}") = "VirtoCommerce.CoreModule.Core", "..\vc-module-core\VirtoCommerce.CoreModule.Core\VirtoCommerce.CoreModule.Core.csproj", "{9A415F0A-E80F-46D1-A3A3-E387D81A30BB}"
EndProject
Project("{9A19103F-16F7-4668-BE54-9A1E7A4F7556}") = "VirtoCommerce.NotificationsModule.Core", "..\vc-module-notifications\VirtoCommerce.NotificationsModule.Core\VirtoCommerce.NotificationsModule.Core.csproj", "{34A33AD7-80B3-402C-B1E8-F0949572BED4}"
EndProject
Project("{9A19103F-16F7-4668-BE54-9A1E7A4F7556}") = "VirtoCommerce.Platform.Core", "..\..\VirtoCommerce.Platform.Core\VirtoCommerce.Platform.Core.csproj", "{EBF6C34C-87D3-44CC-9168-FE66686D7C06}"
EndProject
Project("{9A19103F-16F7-4668-BE54-9A1E7A4F7556}") = "VirtoCommerce.Platform.Data", "..\..\VirtoCommerce.Platform.Data\VirtoCommerce.Platform.Data.csproj", "{29992E51-949D-439E-BC58-69887B1FB2CB}"
EndProject
Project("{9A19103F-16F7-4668-BE54-9A1E7A4F7556}") = "VirtoCommerce.TaxModule.Core", "..\vc-module-tax\VirtoCommerce.TaxModule.Core\VirtoCommerce.TaxModule.Core.csproj", "{92597324-F295-4AA5-B500-429C10D2ED23}"
EndProject
Global
	GlobalSection(SolutionConfigurationPlatforms) = preSolution
		Debug|Any CPU = Debug|Any CPU
		Release|Any CPU = Release|Any CPU
	EndGlobalSection
	GlobalSection(ProjectConfigurationPlatforms) = postSolution
		{489AC2DA-5464-463B-8C43-AC1A22614F4B}.Debug|Any CPU.ActiveCfg = Debug|Any CPU
		{489AC2DA-5464-463B-8C43-AC1A22614F4B}.Debug|Any CPU.Build.0 = Debug|Any CPU
		{489AC2DA-5464-463B-8C43-AC1A22614F4B}.Release|Any CPU.ActiveCfg = Release|Any CPU
		{489AC2DA-5464-463B-8C43-AC1A22614F4B}.Release|Any CPU.Build.0 = Release|Any CPU
		{1DAE4E0D-A2A5-455F-88CF-034BC2BCC7A0}.Debug|Any CPU.ActiveCfg = Debug|Any CPU
		{1DAE4E0D-A2A5-455F-88CF-034BC2BCC7A0}.Debug|Any CPU.Build.0 = Debug|Any CPU
		{1DAE4E0D-A2A5-455F-88CF-034BC2BCC7A0}.Release|Any CPU.ActiveCfg = Release|Any CPU
		{1DAE4E0D-A2A5-455F-88CF-034BC2BCC7A0}.Release|Any CPU.Build.0 = Release|Any CPU
		{D5459987-C4BA-474D-AB0E-6C22F2455139}.Debug|Any CPU.ActiveCfg = Debug|Any CPU
		{D5459987-C4BA-474D-AB0E-6C22F2455139}.Debug|Any CPU.Build.0 = Debug|Any CPU
		{D5459987-C4BA-474D-AB0E-6C22F2455139}.Release|Any CPU.ActiveCfg = Release|Any CPU
		{D5459987-C4BA-474D-AB0E-6C22F2455139}.Release|Any CPU.Build.0 = Release|Any CPU
		{9A415F0A-E80F-46D1-A3A3-E387D81A30BB}.Debug|Any CPU.ActiveCfg = Debug|Any CPU
		{9A415F0A-E80F-46D1-A3A3-E387D81A30BB}.Debug|Any CPU.Build.0 = Debug|Any CPU
		{9A415F0A-E80F-46D1-A3A3-E387D81A30BB}.Release|Any CPU.ActiveCfg = Release|Any CPU
		{9A415F0A-E80F-46D1-A3A3-E387D81A30BB}.Release|Any CPU.Build.0 = Release|Any CPU
		{34A33AD7-80B3-402C-B1E8-F0949572BED4}.Debug|Any CPU.ActiveCfg = Debug|Any CPU
		{34A33AD7-80B3-402C-B1E8-F0949572BED4}.Debug|Any CPU.Build.0 = Debug|Any CPU
		{34A33AD7-80B3-402C-B1E8-F0949572BED4}.Release|Any CPU.ActiveCfg = Release|Any CPU
		{34A33AD7-80B3-402C-B1E8-F0949572BED4}.Release|Any CPU.Build.0 = Release|Any CPU
		{EBF6C34C-87D3-44CC-9168-FE66686D7C06}.Debug|Any CPU.ActiveCfg = Debug|Any CPU
		{EBF6C34C-87D3-44CC-9168-FE66686D7C06}.Debug|Any CPU.Build.0 = Debug|Any CPU
		{EBF6C34C-87D3-44CC-9168-FE66686D7C06}.Release|Any CPU.ActiveCfg = Release|Any CPU
		{EBF6C34C-87D3-44CC-9168-FE66686D7C06}.Release|Any CPU.Build.0 = Release|Any CPU
		{29992E51-949D-439E-BC58-69887B1FB2CB}.Debug|Any CPU.ActiveCfg = Debug|Any CPU
		{29992E51-949D-439E-BC58-69887B1FB2CB}.Debug|Any CPU.Build.0 = Debug|Any CPU
		{29992E51-949D-439E-BC58-69887B1FB2CB}.Release|Any CPU.ActiveCfg = Release|Any CPU
		{29992E51-949D-439E-BC58-69887B1FB2CB}.Release|Any CPU.Build.0 = Release|Any CPU
		{92597324-F295-4AA5-B500-429C10D2ED23}.Debug|Any CPU.ActiveCfg = Debug|Any CPU
		{92597324-F295-4AA5-B500-429C10D2ED23}.Debug|Any CPU.Build.0 = Debug|Any CPU
		{92597324-F295-4AA5-B500-429C10D2ED23}.Release|Any CPU.ActiveCfg = Release|Any CPU
		{92597324-F295-4AA5-B500-429C10D2ED23}.Release|Any CPU.Build.0 = Release|Any CPU
	EndGlobalSection
	GlobalSection(SolutionProperties) = preSolution
		HideSolutionNode = FALSE
	EndGlobalSection
	GlobalSection(ExtensibilityGlobals) = postSolution
		SolutionGuid = {A0AFC80D-A997-4A54-89D5-6203DD3CD9AA}
	EndGlobalSection
EndGlobal
