Microsoft Visual Studio Solution File, Format Version 12.00
# Visual Studio 15
VisualStudioVersion = 15.0.28307.489
MinimumVisualStudioVersion = 10.0.40219.1
Project("{9A19103F-16F7-4668-BE54-9A1E7A4F7556}") = "VirtoCommerce.ImageToolsModule.Core", "VirtoCommerce.ImageToolsModule.Core\VirtoCommerce.ImageToolsModule.Core.csproj", "{5CDA0380-D56D-4DEC-B27F-EDFDA6A5BC2B}"
EndProject
Project("{9A19103F-16F7-4668-BE54-9A1E7A4F7556}") = "VirtoCommerce.ImageToolsModule.Data", "VirtoCommerce.ImageToolsModule.Data\VirtoCommerce.ImageToolsModule.Data.csproj", "{9EB69900-E811-47CF-ACE7-8735796CD319}"
EndProject
Project("{9A19103F-16F7-4668-BE54-9A1E7A4F7556}") = "VirtoCommerce.ImageToolsModule.Tests", "VirtoCommerce.ImageToolsModule.Tests\VirtoCommerce.ImageToolsModule.Tests.csproj", "{60FFBC16-F4AE-4B8C-AC3B-9DFF70285EC9}"
EndProject
Project("{9A19103F-16F7-4668-BE54-9A1E7A4F7556}") = "VirtoCommerce.ImageToolsModule.Web", "VirtoCommerce.ImageToolsModule.Web\VirtoCommerce.ImageToolsModule.Web.csproj", "{0F56810D-9E77-4450-B544-51695D1B6D0D}"
EndProject
Project("{9A19103F-16F7-4668-BE54-9A1E7A4F7556}") = "VirtoCommerce.Platform.Core", "..\..\VirtoCommerce.Platform.Core\VirtoCommerce.Platform.Core.csproj", "{7FE1CE19-5E88-4CAD-AF07-F85BBF82DBC5}"
EndProject
Project("{9A19103F-16F7-4668-BE54-9A1E7A4F7556}") = "VirtoCommerce.Platform.Data", "..\..\VirtoCommerce.Platform.Data\VirtoCommerce.Platform.Data.csproj", "{0F524AD9-2D12-43A5-81BE-6D72CEE7A633}"
EndProject
Project("{9A19103F-16F7-4668-BE54-9A1E7A4F7556}") = "VirtoCommerce.Platform.Security", "..\..\VirtoCommerce.Platform.Security\VirtoCommerce.Platform.Security.csproj", "{33DF09D0-27E8-4087-A206-3E294154EA66}"
EndProject
Global
	GlobalSection(SolutionConfigurationPlatforms) = preSolution
		Debug|Any CPU = Debug|Any CPU
		Release|Any CPU = Release|Any CPU
	EndGlobalSection
	GlobalSection(ProjectConfigurationPlatforms) = postSolution
		{5CDA0380-D56D-4DEC-B27F-EDFDA6A5BC2B}.Debug|Any CPU.ActiveCfg = Debug|Any CPU
		{5CDA0380-D56D-4DEC-B27F-EDFDA6A5BC2B}.Debug|Any CPU.Build.0 = Debug|Any CPU
		{5CDA0380-D56D-4DEC-B27F-EDFDA6A5BC2B}.Release|Any CPU.ActiveCfg = Release|Any CPU
		{5CDA0380-D56D-4DEC-B27F-EDFDA6A5BC2B}.Release|Any CPU.Build.0 = Release|Any CPU
		{9EB69900-E811-47CF-ACE7-8735796CD319}.Debug|Any CPU.ActiveCfg = Debug|Any CPU
		{9EB69900-E811-47CF-ACE7-8735796CD319}.Debug|Any CPU.Build.0 = Debug|Any CPU
		{9EB69900-E811-47CF-ACE7-8735796CD319}.Release|Any CPU.ActiveCfg = Release|Any CPU
		{9EB69900-E811-47CF-ACE7-8735796CD319}.Release|Any CPU.Build.0 = Release|Any CPU
		{60FFBC16-F4AE-4B8C-AC3B-9DFF70285EC9}.Debug|Any CPU.ActiveCfg = Debug|Any CPU
		{60FFBC16-F4AE-4B8C-AC3B-9DFF70285EC9}.Debug|Any CPU.Build.0 = Debug|Any CPU
		{60FFBC16-F4AE-4B8C-AC3B-9DFF70285EC9}.Release|Any CPU.ActiveCfg = Release|Any CPU
		{60FFBC16-F4AE-4B8C-AC3B-9DFF70285EC9}.Release|Any CPU.Build.0 = Release|Any CPU
		{0F56810D-9E77-4450-B544-51695D1B6D0D}.Debug|Any CPU.ActiveCfg = Debug|Any CPU
		{0F56810D-9E77-4450-B544-51695D1B6D0D}.Debug|Any CPU.Build.0 = Debug|Any CPU
		{0F56810D-9E77-4450-B544-51695D1B6D0D}.Release|Any CPU.ActiveCfg = Release|Any CPU
		{0F56810D-9E77-4450-B544-51695D1B6D0D}.Release|Any CPU.Build.0 = Release|Any CPU
		{7FE1CE19-5E88-4CAD-AF07-F85BBF82DBC5}.Debug|Any CPU.ActiveCfg = Debug|Any CPU
		{7FE1CE19-5E88-4CAD-AF07-F85BBF82DBC5}.Debug|Any CPU.Build.0 = Debug|Any CPU
		{7FE1CE19-5E88-4CAD-AF07-F85BBF82DBC5}.Release|Any CPU.ActiveCfg = Release|Any CPU
		{7FE1CE19-5E88-4CAD-AF07-F85BBF82DBC5}.Release|Any CPU.Build.0 = Release|Any CPU
		{0F524AD9-2D12-43A5-81BE-6D72CEE7A633}.Debug|Any CPU.ActiveCfg = Debug|Any CPU
		{0F524AD9-2D12-43A5-81BE-6D72CEE7A633}.Debug|Any CPU.Build.0 = Debug|Any CPU
		{0F524AD9-2D12-43A5-81BE-6D72CEE7A633}.Release|Any CPU.ActiveCfg = Release|Any CPU
		{0F524AD9-2D12-43A5-81BE-6D72CEE7A633}.Release|Any CPU.Build.0 = Release|Any CPU
		{33DF09D0-27E8-4087-A206-3E294154EA66}.Debug|Any CPU.ActiveCfg = Debug|Any CPU
		{33DF09D0-27E8-4087-A206-3E294154EA66}.Debug|Any CPU.Build.0 = Debug|Any CPU
		{33DF09D0-27E8-4087-A206-3E294154EA66}.Release|Any CPU.ActiveCfg = Release|Any CPU
		{33DF09D0-27E8-4087-A206-3E294154EA66}.Release|Any CPU.Build.0 = Release|Any CPU
	EndGlobalSection
	GlobalSection(SolutionProperties) = preSolution
		HideSolutionNode = FALSE
	EndGlobalSection
	GlobalSection(ExtensibilityGlobals) = postSolution
		SolutionGuid = {1F759764-AF55-423C-9E17-6BF99422F7AC}
	EndGlobalSection
EndGlobal
