Microsoft Visual Studio Solution File, Format Version 12.00
# Visual Studio 15
VisualStudioVersion = 15.0.28307.489
MinimumVisualStudioVersion = 10.0.40219.1
Project("{9A19103F-16F7-4668-BE54-9A1E7A4F7556}") = "VirtoCommerce.PricingModule.Core", "VirtoCommerce.PricingModule.Core\VirtoCommerce.PricingModule.Core.csproj", "{EA833691-97E4-44A3-966F-AA933A73CB3D}"
EndProject
Project("{9A19103F-16F7-4668-BE54-9A1E7A4F7556}") = "VirtoCommerce.PricingModule.Data", "VirtoCommerce.PricingModule.Data\VirtoCommerce.PricingModule.Data.csproj", "{5DAB1AE3-CC3F-4003-BB00-4066C1C853F8}"
EndProject
Project("{9A19103F-16F7-4668-BE54-9A1E7A4F7556}") = "VirtoCommerce.PricingModule.Test", "VirtoCommerce.PricingModule.Test\VirtoCommerce.PricingModule.Test.csproj", "{0856CFBD-243E-439D-A639-99CBA0288F6C}"
EndProject
Project("{9A19103F-16F7-4668-BE54-9A1E7A4F7556}") = "VirtoCommerce.PricingModule.Web", "VirtoCommerce.PricingModule.Web\VirtoCommerce.PricingModule.Web.csproj", "{8C6FA6CA-E1DB-42ED-B631-74ACEF511BD2}"
EndProject
Project("{9A19103F-16F7-4668-BE54-9A1E7A4F7556}") = "VirtoCommerce.CoreModule.Core", "..\vc-module-core\VirtoCommerce.CoreModule.Core\VirtoCommerce.CoreModule.Core.csproj", "{F4732EEA-3904-4ABC-B3AC-7337231D4A26}"
EndProject
Project("{9A19103F-16F7-4668-BE54-9A1E7A4F7556}") = "VirtoCommerce.Platform.Core", "..\..\VirtoCommerce.Platform.Core\VirtoCommerce.Platform.Core.csproj", "{6899FDDB-03C8-456D-8B34-D8A3E15E6E68}"
EndProject
Project("{9A19103F-16F7-4668-BE54-9A1E7A4F7556}") = "VirtoCommerce.Platform.Data", "..\..\VirtoCommerce.Platform.Data\VirtoCommerce.Platform.Data.csproj", "{DD4E1B76-8864-4047-93FE-C0D90BA29C17}"
EndProject
Project("{9A19103F-16F7-4668-BE54-9A1E7A4F7556}") = "VirtoCommerce.SearchModule.Core", "..\vc-module-search\VirtoCommerce.SearchModule.Core\VirtoCommerce.SearchModule.Core.csproj", "{DFD33C57-E043-496C-8B51-BB60B73D6604}"
EndProject
Project("{9A19103F-16F7-4668-BE54-9A1E7A4F7556}") = "VirtoCommerce.InventoryModule.Core", "..\vc-module-inventory\VirtoCommerce.InventoryModule.Core\VirtoCommerce.InventoryModule.Core.csproj", "{EE3A5FD5-155C-4046-84D9-8701DFB77400}"
EndProject
Project("{9A19103F-16F7-4668-BE54-9A1E7A4F7556}") = "VirtoCommerce.CatalogModule.Core", "..\vc-module-catalog\VirtoCommerce.CatalogModule.Core\VirtoCommerce.CatalogModule.Core.csproj", "{DD0C22D3-AA7A-4748-BEBF-44DEEDF31FFE}"
EndProject
Project("{9A19103F-16F7-4668-BE54-9A1E7A4F7556}") = "VirtoCommerce.ExportModule.Core", "..\vc-module-export\VirtoCommerce.ExportModule.Core\VirtoCommerce.ExportModule.Core.csproj", "{15F8830C-78E3-4CF7-95B2-129C5C791408}"
EndProject
Project("{9A19103F-16F7-4668-BE54-9A1E7A4F7556}") = "VirtoCommerce.ExportModule.Data", "..\vc-module-export\VirtoCommerce.ExportModule.Data\VirtoCommerce.ExportModule.Data.csproj", "{29EE63CC-6A6E-4B57-94FE-F0908B65C542}"
EndProject
Project("{9A19103F-16F7-4668-BE54-9A1E7A4F7556}") = "VirtoCommerce.ExportModule.Test.MockHelpers", "..\vc-module-export\VirtoCommerce.ExportModule.Test.MockHelpers\VirtoCommerce.ExportModule.Test.MockHelpers.csproj", "{F212C0C9-2F71-406F-A579-62A7D465DE92}"
EndProject
Project("{9A19103F-16F7-4668-BE54-9A1E7A4F7556}") = "VirtoCommerce.Platform.Security", "..\..\VirtoCommerce.Platform.Security\VirtoCommerce.Platform.Security.csproj", "{30F06542-F7F8-4B66-90B8-F953B581F153}"
EndProject
Global
	GlobalSection(SolutionConfigurationPlatforms) = preSolution
		Debug|Any CPU = Debug|Any CPU
		Release|Any CPU = Release|Any CPU
	EndGlobalSection
	GlobalSection(ProjectConfigurationPlatforms) = postSolution
		{EA833691-97E4-44A3-966F-AA933A73CB3D}.Debug|Any CPU.ActiveCfg = Debug|Any CPU
		{EA833691-97E4-44A3-966F-AA933A73CB3D}.Debug|Any CPU.Build.0 = Debug|Any CPU
		{EA833691-97E4-44A3-966F-AA933A73CB3D}.Release|Any CPU.ActiveCfg = Release|Any CPU
		{EA833691-97E4-44A3-966F-AA933A73CB3D}.Release|Any CPU.Build.0 = Release|Any CPU
		{5DAB1AE3-CC3F-4003-BB00-4066C1C853F8}.Debug|Any CPU.ActiveCfg = Debug|Any CPU
		{5DAB1AE3-CC3F-4003-BB00-4066C1C853F8}.Debug|Any CPU.Build.0 = Debug|Any CPU
		{5DAB1AE3-CC3F-4003-BB00-4066C1C853F8}.Release|Any CPU.ActiveCfg = Release|Any CPU
		{5DAB1AE3-CC3F-4003-BB00-4066C1C853F8}.Release|Any CPU.Build.0 = Release|Any CPU
		{0856CFBD-243E-439D-A639-99CBA0288F6C}.Debug|Any CPU.ActiveCfg = Debug|Any CPU
		{0856CFBD-243E-439D-A639-99CBA0288F6C}.Debug|Any CPU.Build.0 = Debug|Any CPU
		{0856CFBD-243E-439D-A639-99CBA0288F6C}.Release|Any CPU.ActiveCfg = Release|Any CPU
		{0856CFBD-243E-439D-A639-99CBA0288F6C}.Release|Any CPU.Build.0 = Release|Any CPU
		{8C6FA6CA-E1DB-42ED-B631-74ACEF511BD2}.Debug|Any CPU.ActiveCfg = Debug|Any CPU
		{8C6FA6CA-E1DB-42ED-B631-74ACEF511BD2}.Debug|Any CPU.Build.0 = Debug|Any CPU
		{8C6FA6CA-E1DB-42ED-B631-74ACEF511BD2}.Release|Any CPU.ActiveCfg = Release|Any CPU
		{8C6FA6CA-E1DB-42ED-B631-74ACEF511BD2}.Release|Any CPU.Build.0 = Release|Any CPU
		{F4732EEA-3904-4ABC-B3AC-7337231D4A26}.Debug|Any CPU.ActiveCfg = Debug|Any CPU
		{F4732EEA-3904-4ABC-B3AC-7337231D4A26}.Debug|Any CPU.Build.0 = Debug|Any CPU
		{F4732EEA-3904-4ABC-B3AC-7337231D4A26}.Release|Any CPU.ActiveCfg = Release|Any CPU
		{F4732EEA-3904-4ABC-B3AC-7337231D4A26}.Release|Any CPU.Build.0 = Release|Any CPU
		{6899FDDB-03C8-456D-8B34-D8A3E15E6E68}.Debug|Any CPU.ActiveCfg = Debug|Any CPU
		{6899FDDB-03C8-456D-8B34-D8A3E15E6E68}.Debug|Any CPU.Build.0 = Debug|Any CPU
		{6899FDDB-03C8-456D-8B34-D8A3E15E6E68}.Release|Any CPU.ActiveCfg = Release|Any CPU
		{6899FDDB-03C8-456D-8B34-D8A3E15E6E68}.Release|Any CPU.Build.0 = Release|Any CPU
		{DD4E1B76-8864-4047-93FE-C0D90BA29C17}.Debug|Any CPU.ActiveCfg = Debug|Any CPU
		{DD4E1B76-8864-4047-93FE-C0D90BA29C17}.Debug|Any CPU.Build.0 = Debug|Any CPU
		{DD4E1B76-8864-4047-93FE-C0D90BA29C17}.Release|Any CPU.ActiveCfg = Release|Any CPU
		{DD4E1B76-8864-4047-93FE-C0D90BA29C17}.Release|Any CPU.Build.0 = Release|Any CPU
		{DFD33C57-E043-496C-8B51-BB60B73D6604}.Debug|Any CPU.ActiveCfg = Debug|Any CPU
		{DFD33C57-E043-496C-8B51-BB60B73D6604}.Debug|Any CPU.Build.0 = Debug|Any CPU
		{DFD33C57-E043-496C-8B51-BB60B73D6604}.Release|Any CPU.ActiveCfg = Release|Any CPU
		{DFD33C57-E043-496C-8B51-BB60B73D6604}.Release|Any CPU.Build.0 = Release|Any CPU
		{EE3A5FD5-155C-4046-84D9-8701DFB77400}.Debug|Any CPU.ActiveCfg = Debug|Any CPU
		{EE3A5FD5-155C-4046-84D9-8701DFB77400}.Debug|Any CPU.Build.0 = Debug|Any CPU
		{EE3A5FD5-155C-4046-84D9-8701DFB77400}.Release|Any CPU.ActiveCfg = Release|Any CPU
		{EE3A5FD5-155C-4046-84D9-8701DFB77400}.Release|Any CPU.Build.0 = Release|Any CPU
		{DD0C22D3-AA7A-4748-BEBF-44DEEDF31FFE}.Debug|Any CPU.ActiveCfg = Debug|Any CPU
		{DD0C22D3-AA7A-4748-BEBF-44DEEDF31FFE}.Debug|Any CPU.Build.0 = Debug|Any CPU
		{DD0C22D3-AA7A-4748-BEBF-44DEEDF31FFE}.Release|Any CPU.ActiveCfg = Release|Any CPU
		{DD0C22D3-AA7A-4748-BEBF-44DEEDF31FFE}.Release|Any CPU.Build.0 = Release|Any CPU
		{15F8830C-78E3-4CF7-95B2-129C5C791408}.Debug|Any CPU.ActiveCfg = Debug|Any CPU
		{15F8830C-78E3-4CF7-95B2-129C5C791408}.Debug|Any CPU.Build.0 = Debug|Any CPU
		{15F8830C-78E3-4CF7-95B2-129C5C791408}.Release|Any CPU.ActiveCfg = Release|Any CPU
		{15F8830C-78E3-4CF7-95B2-129C5C791408}.Release|Any CPU.Build.0 = Release|Any CPU
		{29EE63CC-6A6E-4B57-94FE-F0908B65C542}.Debug|Any CPU.ActiveCfg = Debug|Any CPU
		{29EE63CC-6A6E-4B57-94FE-F0908B65C542}.Debug|Any CPU.Build.0 = Debug|Any CPU
		{29EE63CC-6A6E-4B57-94FE-F0908B65C542}.Release|Any CPU.ActiveCfg = Release|Any CPU
		{29EE63CC-6A6E-4B57-94FE-F0908B65C542}.Release|Any CPU.Build.0 = Release|Any CPU
		{F212C0C9-2F71-406F-A579-62A7D465DE92}.Debug|Any CPU.ActiveCfg = Debug|Any CPU
		{F212C0C9-2F71-406F-A579-62A7D465DE92}.Debug|Any CPU.Build.0 = Debug|Any CPU
		{F212C0C9-2F71-406F-A579-62A7D465DE92}.Release|Any CPU.ActiveCfg = Release|Any CPU
		{F212C0C9-2F71-406F-A579-62A7D465DE92}.Release|Any CPU.Build.0 = Release|Any CPU
		{30F06542-F7F8-4B66-90B8-F953B581F153}.Debug|Any CPU.ActiveCfg = Debug|Any CPU
		{30F06542-F7F8-4B66-90B8-F953B581F153}.Debug|Any CPU.Build.0 = Debug|Any CPU
		{30F06542-F7F8-4B66-90B8-F953B581F153}.Release|Any CPU.ActiveCfg = Release|Any CPU
		{30F06542-F7F8-4B66-90B8-F953B581F153}.Release|Any CPU.Build.0 = Release|Any CPU
	EndGlobalSection
	GlobalSection(SolutionProperties) = preSolution
		HideSolutionNode = FALSE
	EndGlobalSection
	GlobalSection(ExtensibilityGlobals) = postSolution
		SolutionGuid = {D2C5BCF5-42AA-406F-8F40-1FF807DED53C}
	EndGlobalSection
EndGlobal
