Microsoft Visual Studio Solution File, Format Version 12.00
# Visual Studio 15
VisualStudioVersion = 15.0.28307.489
MinimumVisualStudioVersion = 10.0.40219.1
Project("{9A19103F-16F7-4668-BE54-9A1E7A4F7556}") = "VirtoCommerce.CatalogModule.Core", "VirtoCommerce.CatalogModule.Core\VirtoCommerce.CatalogModule.Core.csproj", "{285A6A97-1ADE-489B-8A7C-B32CBD6BF8DC}"
EndProject
Project("{9A19103F-16F7-4668-BE54-9A1E7A4F7556}") = "VirtoCommerce.CoreModule.Core", "..\vc-module-core\VirtoCommerce.CoreModule.Core\VirtoCommerce.CoreModule.Core.csproj", "{A543837F-D9BB-4E9B-B031-D6E888F281FC}"
EndProject
Project("{9A19103F-16F7-4668-BE54-9A1E7A4F7556}") = "VirtoCommerce.CatalogModule.Data", "VirtoCommerce.CatalogModule.Data\VirtoCommerce.CatalogModule.Data.csproj", "{22F89AF9-C3A8-4BFC-BF46-3DB1CF412F5F}"
EndProject
Project("{9A19103F-16F7-4668-BE54-9A1E7A4F7556}") = "VirtoCommerce.CatalogModule.Web", "VirtoCommerce.CatalogModule.Web\VirtoCommerce.CatalogModule.Web.csproj", "{531C2AB8-2745-43ED-B1D8-1E588CEB888E}"
EndProject
Project("{9A19103F-16F7-4668-BE54-9A1E7A4F7556}") = "VirtoCommerce.Platform.Core", "..\..\VirtoCommerce.Platform.Core\VirtoCommerce.Platform.Core.csproj", "{635A9D91-7A3A-4E92-A854-2D025D5F7A91}"
EndProject
Project("{9A19103F-16F7-4668-BE54-9A1E7A4F7556}") = "VirtoCommerce.SearchModule.Core", "..\vc-module-search\VirtoCommerce.SearchModule.Core\VirtoCommerce.SearchModule.Core.csproj", "{83017D11-76D8-4EBD-BC5C-113F0F998ADD}"
EndProject
Project("{9A19103F-16F7-4668-BE54-9A1E7A4F7556}") = "VirtoCommerce.InventoryModule.Core", "..\vc-module-inventory\VirtoCommerce.InventoryModule.Core\VirtoCommerce.InventoryModule.Core.csproj", "{02F41F22-83FE-44C9-9AD4-0BBFEAF0040F}"
EndProject
Project("{9A19103F-16F7-4668-BE54-9A1E7A4F7556}") = "VirtoCommerce.StoreModule.Core", "..\vc-module-store\VirtoCommerce.StoreModule.Core\VirtoCommerce.StoreModule.Core.csproj", "{696E5056-4E41-4F11-9658-44FDE29A4F0E}"
EndProject
Project("{9A19103F-16F7-4668-BE54-9A1E7A4F7556}") = "VirtoCommerce.NotificationsModule.Core", "..\vc-module-notifications\VirtoCommerce.NotificationsModule.Core\VirtoCommerce.NotificationsModule.Core.csproj", "{8B525E6A-A2B9-4A48-B954-14701C75FA97}"
EndProject
Project("{9A19103F-16F7-4668-BE54-9A1E7A4F7556}") = "VirtoCommerce.Platform.Data", "..\..\VirtoCommerce.Platform.Data\VirtoCommerce.Platform.Data.csproj", "{C3A476A2-7D39-4DFF-8CBA-F23D91D59641}"
EndProject
Global
	GlobalSection(SolutionConfigurationPlatforms) = preSolution
		Debug|Any CPU = Debug|Any CPU
		Release|Any CPU = Release|Any CPU
	EndGlobalSection
	GlobalSection(ProjectConfigurationPlatforms) = postSolution
		{285A6A97-1ADE-489B-8A7C-B32CBD6BF8DC}.Debug|Any CPU.ActiveCfg = Debug|Any CPU
		{285A6A97-1ADE-489B-8A7C-B32CBD6BF8DC}.Debug|Any CPU.Build.0 = Debug|Any CPU
		{285A6A97-1ADE-489B-8A7C-B32CBD6BF8DC}.Release|Any CPU.ActiveCfg = Release|Any CPU
		{285A6A97-1ADE-489B-8A7C-B32CBD6BF8DC}.Release|Any CPU.Build.0 = Release|Any CPU
		{A543837F-D9BB-4E9B-B031-D6E888F281FC}.Debug|Any CPU.ActiveCfg = Debug|Any CPU
		{A543837F-D9BB-4E9B-B031-D6E888F281FC}.Debug|Any CPU.Build.0 = Debug|Any CPU
		{A543837F-D9BB-4E9B-B031-D6E888F281FC}.Release|Any CPU.ActiveCfg = Release|Any CPU
		{A543837F-D9BB-4E9B-B031-D6E888F281FC}.Release|Any CPU.Build.0 = Release|Any CPU
		{22F89AF9-C3A8-4BFC-BF46-3DB1CF412F5F}.Debug|Any CPU.ActiveCfg = Debug|Any CPU
		{22F89AF9-C3A8-4BFC-BF46-3DB1CF412F5F}.Debug|Any CPU.Build.0 = Debug|Any CPU
		{22F89AF9-C3A8-4BFC-BF46-3DB1CF412F5F}.Release|Any CPU.ActiveCfg = Release|Any CPU
		{22F89AF9-C3A8-4BFC-BF46-3DB1CF412F5F}.Release|Any CPU.Build.0 = Release|Any CPU
		{531C2AB8-2745-43ED-B1D8-1E588CEB888E}.Debug|Any CPU.ActiveCfg = Debug|Any CPU
		{531C2AB8-2745-43ED-B1D8-1E588CEB888E}.Debug|Any CPU.Build.0 = Debug|Any CPU
		{531C2AB8-2745-43ED-B1D8-1E588CEB888E}.Release|Any CPU.ActiveCfg = Release|Any CPU
		{531C2AB8-2745-43ED-B1D8-1E588CEB888E}.Release|Any CPU.Build.0 = Release|Any CPU
		{635A9D91-7A3A-4E92-A854-2D025D5F7A91}.Debug|Any CPU.ActiveCfg = Debug|Any CPU
		{635A9D91-7A3A-4E92-A854-2D025D5F7A91}.Debug|Any CPU.Build.0 = Debug|Any CPU
		{635A9D91-7A3A-4E92-A854-2D025D5F7A91}.Release|Any CPU.ActiveCfg = Release|Any CPU
		{635A9D91-7A3A-4E92-A854-2D025D5F7A91}.Release|Any CPU.Build.0 = Release|Any CPU
		{83017D11-76D8-4EBD-BC5C-113F0F998ADD}.Debug|Any CPU.ActiveCfg = Debug|Any CPU
		{83017D11-76D8-4EBD-BC5C-113F0F998ADD}.Debug|Any CPU.Build.0 = Debug|Any CPU
		{83017D11-76D8-4EBD-BC5C-113F0F998ADD}.Release|Any CPU.ActiveCfg = Release|Any CPU
		{83017D11-76D8-4EBD-BC5C-113F0F998ADD}.Release|Any CPU.Build.0 = Release|Any CPU
		{02F41F22-83FE-44C9-9AD4-0BBFEAF0040F}.Debug|Any CPU.ActiveCfg = Debug|Any CPU
		{02F41F22-83FE-44C9-9AD4-0BBFEAF0040F}.Debug|Any CPU.Build.0 = Debug|Any CPU
		{02F41F22-83FE-44C9-9AD4-0BBFEAF0040F}.Release|Any CPU.ActiveCfg = Release|Any CPU
		{02F41F22-83FE-44C9-9AD4-0BBFEAF0040F}.Release|Any CPU.Build.0 = Release|Any CPU
		{696E5056-4E41-4F11-9658-44FDE29A4F0E}.Debug|Any CPU.ActiveCfg = Debug|Any CPU
		{696E5056-4E41-4F11-9658-44FDE29A4F0E}.Debug|Any CPU.Build.0 = Debug|Any CPU
		{696E5056-4E41-4F11-9658-44FDE29A4F0E}.Release|Any CPU.ActiveCfg = Release|Any CPU
		{696E5056-4E41-4F11-9658-44FDE29A4F0E}.Release|Any CPU.Build.0 = Release|Any CPU
		{8B525E6A-A2B9-4A48-B954-14701C75FA97}.Debug|Any CPU.ActiveCfg = Debug|Any CPU
		{8B525E6A-A2B9-4A48-B954-14701C75FA97}.Debug|Any CPU.Build.0 = Debug|Any CPU
		{8B525E6A-A2B9-4A48-B954-14701C75FA97}.Release|Any CPU.ActiveCfg = Release|Any CPU
		{8B525E6A-A2B9-4A48-B954-14701C75FA97}.Release|Any CPU.Build.0 = Release|Any CPU
		{C3A476A2-7D39-4DFF-8CBA-F23D91D59641}.Debug|Any CPU.ActiveCfg = Debug|Any CPU
		{C3A476A2-7D39-4DFF-8CBA-F23D91D59641}.Debug|Any CPU.Build.0 = Debug|Any CPU
		{C3A476A2-7D39-4DFF-8CBA-F23D91D59641}.Release|Any CPU.ActiveCfg = Release|Any CPU
		{C3A476A2-7D39-4DFF-8CBA-F23D91D59641}.Release|Any CPU.Build.0 = Release|Any CPU
	EndGlobalSection
	GlobalSection(SolutionProperties) = preSolution
		HideSolutionNode = FALSE
	EndGlobalSection
	GlobalSection(ExtensibilityGlobals) = postSolution
		SolutionGuid = {C9B2BF9E-097A-48E6-A338-9176A75C0AA2}
	EndGlobalSection
EndGlobal
