Microsoft Visual Studio Solution File, Format Version 12.00
# Visual Studio 15
VisualStudioVersion = 15.0.28307.489
MinimumVisualStudioVersion = 10.0.40219.1
Project("{9A19103F-16F7-4668-BE54-9A1E7A4F7556}") = "VirtoCommerce.SearchModule.Core", "VirtoCommerce.SearchModule.Core\VirtoCommerce.SearchModule.Core.csproj", "{201AED4A-6C80-4BD5-A211-E95B207E688A}"
EndProject
Project("{9A19103F-16F7-4668-BE54-9A1E7A4F7556}") = "VirtoCommerce.SearchModule.Data", "VirtoCommerce.SearchModule.Data\VirtoCommerce.SearchModule.Data.csproj", "{26E80759-54AB-4EFB-84D0-09534C72F917}"
EndProject
Project("{9A19103F-16F7-4668-BE54-9A1E7A4F7556}") = "VirtoCommerce.SearchModule.Tests", "VirtoCommerce.SearchModule.Tests\VirtoCommerce.SearchModule.Tests.csproj", "{DC001E0B-ECA8-494E-867A-62404EB73877}"
EndProject
Project("{9A19103F-16F7-4668-BE54-9A1E7A4F7556}") = "VirtoCommerce.SearchModule.Web", "VirtoCommerce.SearchModule.Web\VirtoCommerce.SearchModule.Web.csproj", "{755D7FB5-9728-446C-9BEF-B2DD80D6671C}"
EndProject
Project("{9A19103F-16F7-4668-BE54-9A1E7A4F7556}") = "VirtoCommerce.Platform.Core", "..\..\VirtoCommerce.Platform.Core\VirtoCommerce.Platform.Core.csproj", "{060FC0E5-D756-4706-9ED7-93573241831E}"
EndProject
Global
	GlobalSection(SolutionConfigurationPlatforms) = preSolution
		Debug|Any CPU = Debug|Any CPU
		Release|Any CPU = Release|Any CPU
	EndGlobalSection
	GlobalSection(ProjectConfigurationPlatforms) = postSolution
		{201AED4A-6C80-4BD5-A211-E95B207E688A}.Debug|Any CPU.ActiveCfg = Debug|Any CPU
		{201AED4A-6C80-4BD5-A211-E95B207E688A}.Debug|Any CPU.Build.0 = Debug|Any CPU
		{201AED4A-6C80-4BD5-A211-E95B207E688A}.Release|Any CPU.ActiveCfg = Release|Any CPU
		{201AED4A-6C80-4BD5-A211-E95B207E688A}.Release|Any CPU.Build.0 = Release|Any CPU
		{26E80759-54AB-4EFB-84D0-09534C72F917}.Debug|Any CPU.ActiveCfg = Debug|Any CPU
		{26E80759-54AB-4EFB-84D0-09534C72F917}.Debug|Any CPU.Build.0 = Debug|Any CPU
		{26E80759-54AB-4EFB-84D0-09534C72F917}.Release|Any CPU.ActiveCfg = Release|Any CPU
		{26E80759-54AB-4EFB-84D0-09534C72F917}.Release|Any CPU.Build.0 = Release|Any CPU
		{DC001E0B-ECA8-494E-867A-62404EB73877}.Debug|Any CPU.ActiveCfg = Debug|Any CPU
		{DC001E0B-ECA8-494E-867A-62404EB73877}.Debug|Any CPU.Build.0 = Debug|Any CPU
		{DC001E0B-ECA8-494E-867A-62404EB73877}.Release|Any CPU.ActiveCfg = Release|Any CPU
		{DC001E0B-ECA8-494E-867A-62404EB73877}.Release|Any CPU.Build.0 = Release|Any CPU
		{755D7FB5-9728-446C-9BEF-B2DD80D6671C}.Debug|Any CPU.ActiveCfg = Debug|Any CPU
		{755D7FB5-9728-446C-9BEF-B2DD80D6671C}.Debug|Any CPU.Build.0 = Debug|Any CPU
		{755D7FB5-9728-446C-9BEF-B2DD80D6671C}.Release|Any CPU.ActiveCfg = Release|Any CPU
		{755D7FB5-9728-446C-9BEF-B2DD80D6671C}.Release|Any CPU.Build.0 = Release|Any CPU
		{060FC0E5-D756-4706-9ED7-93573241831E}.Debug|Any CPU.ActiveCfg = Debug|Any CPU
		{060FC0E5-D756-4706-9ED7-93573241831E}.Debug|Any CPU.Build.0 = Debug|Any CPU
		{060FC0E5-D756-4706-9ED7-93573241831E}.Release|Any CPU.ActiveCfg = Release|Any CPU
		{060FC0E5-D756-4706-9ED7-93573241831E}.Release|Any CPU.Build.0 = Release|Any CPU
	EndGlobalSection
	GlobalSection(SolutionProperties) = preSolution
		HideSolutionNode = FALSE
	EndGlobalSection
	GlobalSection(ExtensibilityGlobals) = postSolution
		SolutionGuid = {E56E5C53-D55A-451B-96FA-654D86F96658}
	EndGlobalSection
EndGlobal
